<?xml version="1.0" encoding="UTF-8"?>
<Scheme
   LastUpgradeVersion = "1320"
   version = "1.3">
   <BuildAction
      parallelizeBuildables = "YES"
      buildImplicitDependencies = "YES">
      <BuildActionEntries>
         <BuildActionEntry
            buildForTesting = "YES"
            buildForRunning = "YES"
            buildForProfiling = "YES"
            buildForArchiving = "YES"
            buildForAnalyzing = "YES">
            <BuildableReference
               BuildableIdentifier = "primary"
               BlueprintIdentifier = "F756F8DE260C3D6600A36040"
               BuildableName = "FootballGather.app"
               BlueprintName = "FootballGather (iOS)"
               ReferencedContainer = "container:FootballGather.xcodeproj">
            </BuildableReference>
         </BuildActionEntry>
         <BuildActionEntry
            buildForTesting = "YES"
            buildForRunning = "NO"
            buildForProfiling = "NO"
            buildForArchiving = "NO"
            buildForAnalyzing = "NO">
            <BuildableReference
               BuildableIdentifier = "primary"
               BlueprintIdentifier = "UIToolsTests"
               BuildableName = "UIToolsTests"
               BlueprintName = "UIToolsTests"
               ReferencedContainer = "container:Packages/UITools">
            </BuildableReference>
         </BuildActionEntry>
         <BuildActionEntry
            buildForTesting = "YES"
            buildForRunning = "NO"
            buildForProfiling = "NO"
            buildForArchiving = "NO"
            buildForAnalyzing = "NO">
            <BuildableReference
               BuildableIdentifier = "primary"
               BlueprintIdentifier = "PlayerListTests"
               BuildableName = "PlayerListTests"
               BlueprintName = "PlayerListTests"
               ReferencedContainer = "container:Packages/PlayerList">
            </BuildableReference>
         </BuildActionEntry>
      </BuildActionEntries>
   </BuildAction>
   <TestAction
      buildConfiguration = "Debug"
      selectedDebuggerIdentifier = "Xcode.DebuggerFoundation.Debugger.LLDB"
      selectedLauncherIdentifier = "Xcode.DebuggerFoundation.Launcher.LLDB"
      shouldUseLaunchSchemeArgsEnv = "YES"
      codeCoverageEnabled = "YES">
      <CodeCoverageTargets>
         <BuildableReference
            BuildableIdentifier = "primary"
            BlueprintIdentifier = "F756F8DE260C3D6600A36040"
            BuildableName = "FootballGather.app"
            BlueprintName = "FootballGather (iOS)"
            ReferencedContainer = "container:FootballGather.xcodeproj">
         </BuildableReference>
         <BuildableReference
            BuildableIdentifier = "primary"
            BlueprintIdentifier = "Localizable"
            BuildableName = "Localizable"
            BlueprintName = "Localizable"
            ReferencedContainer = "container:Packages/Localizable">
         </BuildableReference>
      </CodeCoverageTargets>
      <Testables>
         <TestableReference
            skipped = "NO"
            parallelizable = "YES"
            testExecutionOrdering = "random">
            <BuildableReference
               BuildableIdentifier = "primary"
               BlueprintIdentifier = "LocalizableTests"
               BuildableName = "LocalizableTests"
               BlueprintName = "LocalizableTests"
               ReferencedContainer = "container:Packages/Localizable">
            </BuildableReference>
         </TestableReference>
         <TestableReference
            skipped = "NO"
            testExecutionOrdering = "random">
            <BuildableReference
               BuildableIdentifier = "primary"
               BlueprintIdentifier = "F795CCFA264A4F8D00D8FC3C"
               BuildableName = "FootballGatherTests.xctest"
               BlueprintName = "FootballGatherTests"
               ReferencedContainer = "container:FootballGather.xcodeproj">
            </BuildableReference>
         </TestableReference>
         <TestableReference
            skipped = "NO"
            testExecutionOrdering = "random">
            <BuildableReference
               BuildableIdentifier = "primary"
               BlueprintIdentifier = "CoreModelsTests"
               BuildableName = "CoreModelsTests"
               BlueprintName = "CoreModelsTests"
               ReferencedContainer = "container:Packages/CoreModels">
            </BuildableReference>
         </TestableReference>
         <TestableReference
            skipped = "NO"
            testExecutionOrdering = "random">
            <BuildableReference
               BuildableIdentifier = "primary"
               BlueprintIdentifier = "FoundationToolsTests"
               BuildableName = "FoundationToolsTests"
               BlueprintName = "FoundationToolsTests"
               ReferencedContainer = "container:Packages/FoundationTools">
            </BuildableReference>
         </TestableReference>
         <TestableReference
            skipped = "NO"
            testExecutionOrdering = "random">
            <BuildableReference
               BuildableIdentifier = "primary"
               BlueprintIdentifier = "UIToolsTests"
               BuildableName = "UIToolsTests"
               BlueprintName = "UIToolsTests"
               ReferencedContainer = "container:Packages/UITools">
            </BuildableReference>
         </TestableReference>
         <TestableReference
            skipped = "NO"
            testExecutionOrdering = "random">
            <BuildableReference
               BuildableIdentifier = "primary"
               BlueprintIdentifier = "PlayerListTests"
               BuildableName = "PlayerListTests"
               BlueprintName = "PlayerListTests"
               ReferencedContainer = "container:Packages/PlayerList">
            </BuildableReference>
         </TestableReference>
      </Testables>
   </TestAction>
   <LaunchAction
      buildConfiguration = "Debug"
      selectedDebuggerIdentifier = "Xcode.DebuggerFoundation.Debugger.LLDB"
      selectedLauncherIdentifier = "Xcode.DebuggerFoundation.Launcher.LLDB"
      launchStyle = "0"
      useCustomWorkingDirectory = "NO"
      ignoresPersistentStateOnLaunch = "NO"
      debugDocumentVersioning = "YES"
      debugServiceExtension = "internal"
      allowLocationSimulation = "YES">
      <PreActions>
         <ExecutionAction
            ActionType = "Xcode.IDEStandardExecutionActionsCore.ExecutionActionType.ShellScriptAction">
            <ActionContent
               title = "Run Script"
               scriptText = "#!/bin/sh&#10;set -Eeuo pipefail&#10;&#10;input_file=$SCRIPT_INPUT_FILE_0&#10;output_file=$SCRIPT_INPUT_FILE_1&#10;&#10;generate_strings() {&#10;  rows=()&#10;&#10;  while IFS=&apos;=&apos; read -r key value&#10;  do&#10;    if [[ $key == \&quot;* ]]; then&#10;      key_without_quotes=$(echo $key | tr -d &apos;&quot;&apos;)&#10;      key_with_spaces=$(echo $key_without_quotes | sed -r &apos;s/\./ /g&apos; | awk &apos;{for (i=1;i&lt;=NF;i++) $i=toupper(substr($i,1,1)) substr($i,2)} 1&apos; | sed -r &apos;s/ //g&apos;)&#10;      key_camel_cased=$(echo &quot;$key_with_spaces&quot; | awk &apos;{ print tolower(substr($0,1,1)) substr($0,2); }&apos;)&#10;&#10;      rows+=(&quot;public static let $key_camel_cased = NSLocalizedString(\&quot;$key_without_quotes\&quot;, bundle: .module, comment: \&quot;\&quot;)&quot;)&#10;    fi&#10;  done &lt; $1&#10;&#10;  &gt; $output_file&#10;  echo &quot;import Foundation\n\npublic enum LocalizedString {&quot; &gt;&gt; $2&#10;  printf &quot;\t\t%s\n&quot; &quot;${rows[@]}&quot; &gt;&gt; $2&#10;  echo &quot;}&quot; &gt;&gt; $2&#10;}&#10;&#10;generate_strings $input_file $output_file&#10;">
            </ActionContent>
         </ExecutionAction>
      </PreActions>
      <BuildableProductRunnable
         runnableDebuggingMode = "0">
         <BuildableReference
            BuildableIdentifier = "primary"
            BlueprintIdentifier = "F756F8DE260C3D6600A36040"
            BuildableName = "FootballGather.app"
            BlueprintName = "FootballGather (iOS)"
            ReferencedContainer = "container:FootballGather.xcodeproj">
         </BuildableReference>
      </BuildableProductRunnable>
   </LaunchAction>
   <ProfileAction
      buildConfiguration = "Release"
      shouldUseLaunchSchemeArgsEnv = "YES"
      savedToolIdentifier = ""
      useCustomWorkingDirectory = "NO"
      debugDocumentVersioning = "YES">
      <BuildableProductRunnable
         runnableDebuggingMode = "0">
         <BuildableReference
            BuildableIdentifier = "primary"
            BlueprintIdentifier = "F756F8DE260C3D6600A36040"
            BuildableName = "FootballGather.app"
            BlueprintName = "FootballGather (iOS)"
            ReferencedContainer = "container:FootballGather.xcodeproj">
         </BuildableReference>
      </BuildableProductRunnable>
   </ProfileAction>
   <AnalyzeAction
      buildConfiguration = "Debug">
   </AnalyzeAction>
   <ArchiveAction
      buildConfiguration = "Release"
      revealArchiveInOrganizer = "YES">
   </ArchiveAction>
</Scheme>
