<?xml version="1.0" encoding="UTF-8"?>
<Scheme
   LastUpgradeVersion = "1320"
   version = "1.3">
   <BuildAction
      parallelizeBuildables = "YES"
      buildImplicitDependencies = "YES">
      <BuildActionEntries>
         <BuildActionEntry
            buildForTesting = "YES"
            buildForRunning = "YES"
            buildForProfiling = "YES"
            buildForArchiving = "YES"
            buildForAnalyzing = "YES">
            <BuildableReference
               BuildableIdentifier = "primary"
               BlueprintIdentifier = "F756F8DE260C3D6600A36040"
               BuildableName = "FootballGather.app"
               BlueprintName = "FootballGather (iOS)"
               ReferencedContainer = "container:FootballGather.xcodeproj">
            </BuildableReference>
         </BuildActionEntry>
         <BuildActionEntry
            buildForTesting = "YES"
            buildForRunning = "NO"
            buildForProfiling = "NO"
            buildForArchiving = "NO"
            buildForAnalyzing = "NO">
            <BuildableReference
               BuildableIdentifier = "primary"
               BlueprintIdentifier = "UIToolsTests"
               BuildableName = "UIToolsTests"
               BlueprintName = "UIToolsTests"
               ReferencedContainer = "container:Packages/Core/UITools">
            </BuildableReference>
         </BuildActionEntry>
         <BuildActionEntry
            buildForTesting = "YES"
            buildForRunning = "NO"
            buildForProfiling = "NO"
            buildForArchiving = "NO"
            buildForAnalyzing = "NO">
            <BuildableReference
               BuildableIdentifier = "primary"
               BlueprintIdentifier = "FoundationToolsTests"
               BuildableName = "FoundationToolsTests"
               BlueprintName = "FoundationToolsTests"
               ReferencedContainer = "container:Packages/Core/FoundationTools">
            </BuildableReference>
         </BuildActionEntry>
         <BuildActionEntry
            buildForTesting = "YES"
            buildForRunning = "NO"
            buildForProfiling = "NO"
            buildForArchiving = "NO"
            buildForAnalyzing = "NO">
            <BuildableReference
               BuildableIdentifier = "primary"
               BlueprintIdentifier = "CoreModelsTests"
               BuildableName = "CoreModelsTests"
               BlueprintName = "CoreModelsTests"
               ReferencedContainer = "container:Packages/Core/CoreModels">
            </BuildableReference>
         </BuildActionEntry>
         <BuildActionEntry
            buildForTesting = "YES"
            buildForRunning = "NO"
            buildForProfiling = "NO"
            buildForArchiving = "NO"
            buildForAnalyzing = "NO">
            <BuildableReference
               BuildableIdentifier = "primary"
               BlueprintIdentifier = "PlayerListTests"
               BuildableName = "PlayerListTests"
               BlueprintName = "PlayerListTests"
               ReferencedContainer = "container:Packages/List/PlayerList">
            </BuildableReference>
         </BuildActionEntry>
         <BuildActionEntry
            buildForTesting = "YES"
            buildForRunning = "NO"
            buildForProfiling = "NO"
            buildForArchiving = "NO"
            buildForAnalyzing = "NO">
            <BuildableReference
               BuildableIdentifier = "primary"
               BlueprintIdentifier = "PlayerListAssetsTests"
               BuildableName = "PlayerListAssetsTests"
               BlueprintName = "PlayerListAssetsTests"
               ReferencedContainer = "container:Packages/List/PlayerListAssets">
            </BuildableReference>
         </BuildActionEntry>
         <BuildActionEntry
            buildForTesting = "YES"
            buildForRunning = "NO"
            buildForProfiling = "NO"
            buildForArchiving = "NO"
            buildForAnalyzing = "NO">
            <BuildableReference
               BuildableIdentifier = "primary"
               BlueprintIdentifier = "PlayerDetailsTests"
               BuildableName = "PlayerDetailsTests"
               BlueprintName = "PlayerDetailsTests"
               ReferencedContainer = "container:Packages/Details/PlayerDetails">
            </BuildableReference>
         </BuildActionEntry>
         <BuildActionEntry
            buildForTesting = "YES"
            buildForRunning = "NO"
            buildForProfiling = "NO"
            buildForArchiving = "NO"
            buildForAnalyzing = "NO">
            <BuildableReference
               BuildableIdentifier = "primary"
               BlueprintIdentifier = "TeamSelectionTests"
               BuildableName = "TeamSelectionTests"
               BlueprintName = "TeamSelectionTests"
               ReferencedContainer = "container:Packages/TeamSelection/TeamSelection">
            </BuildableReference>
         </BuildActionEntry>
         <BuildActionEntry
            buildForTesting = "YES"
            buildForRunning = "NO"
            buildForProfiling = "NO"
            buildForArchiving = "NO"
            buildForAnalyzing = "NO">
            <BuildableReference
               BuildableIdentifier = "primary"
               BlueprintIdentifier = "TeamSelectionAssetsTests"
               BuildableName = "TeamSelectionAssetsTests"
               BlueprintName = "TeamSelectionAssetsTests"
               ReferencedContainer = "container:Packages/TeamSelection/TeamSelectionAssets">
            </BuildableReference>
         </BuildActionEntry>
      </BuildActionEntries>
   </BuildAction>
   <TestAction
      buildConfiguration = "Debug"
      selectedDebuggerIdentifier = "Xcode.DebuggerFoundation.Debugger.LLDB"
      selectedLauncherIdentifier = "Xcode.DebuggerFoundation.Launcher.LLDB"
      shouldUseLaunchSchemeArgsEnv = "YES"
      codeCoverageEnabled = "YES">
      <CodeCoverageTargets>
         <BuildableReference
            BuildableIdentifier = "primary"
            BlueprintIdentifier = "F756F8DE260C3D6600A36040"
            BuildableName = "FootballGather.app"
            BlueprintName = "FootballGather (iOS)"
            ReferencedContainer = "container:FootballGather.xcodeproj">
         </BuildableReference>
         <BuildableReference
            BuildableIdentifier = "primary"
            BlueprintIdentifier = "Localizable"
            BuildableName = "Localizable"
            BlueprintName = "Localizable"
            ReferencedContainer = "container:Packages/Localizable">
         </BuildableReference>
      </CodeCoverageTargets>
      <Testables>
         <TestableReference
            skipped = "NO"
            testExecutionOrdering = "random">
            <BuildableReference
               BuildableIdentifier = "primary"
               BlueprintIdentifier = "F795CCFA264A4F8D00D8FC3C"
               BuildableName = "FootballGatherTests.xctest"
               BlueprintName = "FootballGatherTests"
               ReferencedContainer = "container:FootballGather.xcodeproj">
            </BuildableReference>
         </TestableReference>
         <TestableReference
            skipped = "NO"
            testExecutionOrdering = "random">
            <BuildableReference
               BuildableIdentifier = "primary"
               BlueprintIdentifier = "CoreModelsTests"
               BuildableName = "CoreModelsTests"
               BlueprintName = "CoreModelsTests"
               ReferencedContainer = "container:Packages/Core/CoreModels">
            </BuildableReference>
         </TestableReference>
         <TestableReference
            skipped = "NO"
            testExecutionOrdering = "random">
            <BuildableReference
               BuildableIdentifier = "primary"
               BlueprintIdentifier = "FoundationToolsTests"
               BuildableName = "FoundationToolsTests"
               BlueprintName = "FoundationToolsTests"
               ReferencedContainer = "container:Packages/Core/FoundationTools">
            </BuildableReference>
         </TestableReference>
         <TestableReference
            skipped = "NO"
            testExecutionOrdering = "random">
            <BuildableReference
               BuildableIdentifier = "primary"
               BlueprintIdentifier = "PlayerDetailsTests"
               BuildableName = "PlayerDetailsTests"
               BlueprintName = "PlayerDetailsTests"
               ReferencedContainer = "container:Packages/Details/PlayerDetails">
            </BuildableReference>
         </TestableReference>
         <TestableReference
            skipped = "NO"
            testExecutionOrdering = "random">
            <BuildableReference
               BuildableIdentifier = "primary"
               BlueprintIdentifier = "PlayerListTests"
               BuildableName = "PlayerListTests"
               BlueprintName = "PlayerListTests"
               ReferencedContainer = "container:Packages/List/PlayerList">
            </BuildableReference>
         </TestableReference>
         <TestableReference
            skipped = "NO"
            testExecutionOrdering = "random">
            <BuildableReference
               BuildableIdentifier = "primary"
               BlueprintIdentifier = "PlayerListAssetsTests"
               BuildableName = "PlayerListAssetsTests"
               BlueprintName = "PlayerListAssetsTests"
               ReferencedContainer = "container:Packages/List/PlayerListAssets">
            </BuildableReference>
         </TestableReference>
         <TestableReference
            skipped = "NO"
            testExecutionOrdering = "random">
            <BuildableReference
               BuildableIdentifier = "primary"
               BlueprintIdentifier = "UIToolsTests"
               BuildableName = "UIToolsTests"
               BlueprintName = "UIToolsTests"
               ReferencedContainer = "container:Packages/Core/UITools">
            </BuildableReference>
         </TestableReference>
         <TestableReference
            skipped = "NO"
            testExecutionOrdering = "random">
            <BuildableReference
               BuildableIdentifier = "primary"
               BlueprintIdentifier = "PlayerDetailsAssetsTests"
               BuildableName = "PlayerDetailsAssetsTests"
               BlueprintName = "PlayerDetailsAssetsTests"
               ReferencedContainer = "container:Packages/Details/PlayerDetailsAssets">
            </BuildableReference>
         </TestableReference>
         <TestableReference
            skipped = "NO"
            testExecutionOrdering = "random">
            <BuildableReference
               BuildableIdentifier = "primary"
               BlueprintIdentifier = "TeamSelectionTests"
               BuildableName = "TeamSelectionTests"
               BlueprintName = "TeamSelectionTests"
               ReferencedContainer = "container:Packages/TeamSelection/TeamSelection">
            </BuildableReference>
         </TestableReference>
         <TestableReference
            skipped = "NO"
            testExecutionOrdering = "random">
            <BuildableReference
               BuildableIdentifier = "primary"
               BlueprintIdentifier = "TeamSelectionAssetsTests"
               BuildableName = "TeamSelectionAssetsTests"
               BlueprintName = "TeamSelectionAssetsTests"
               ReferencedContainer = "container:Packages/TeamSelection/TeamSelectionAssets">
            </BuildableReference>
         </TestableReference>
      </Testables>
   </TestAction>
   <LaunchAction
      buildConfiguration = "Debug"
      selectedDebuggerIdentifier = "Xcode.DebuggerFoundation.Debugger.LLDB"
      selectedLauncherIdentifier = "Xcode.DebuggerFoundation.Launcher.LLDB"
      launchStyle = "0"
      useCustomWorkingDirectory = "NO"
      ignoresPersistentStateOnLaunch = "NO"
      debugDocumentVersioning = "YES"
      debugServiceExtension = "internal"
      allowLocationSimulation = "YES">
      <BuildableProductRunnable
         runnableDebuggingMode = "0">
         <BuildableReference
            BuildableIdentifier = "primary"
            BlueprintIdentifier = "F756F8DE260C3D6600A36040"
            BuildableName = "FootballGather.app"
            BlueprintName = "FootballGather (iOS)"
            ReferencedContainer = "container:FootballGather.xcodeproj">
         </BuildableReference>
      </BuildableProductRunnable>
   </LaunchAction>
   <ProfileAction
      buildConfiguration = "Release"
      shouldUseLaunchSchemeArgsEnv = "YES"
      savedToolIdentifier = ""
      useCustomWorkingDirectory = "NO"
      debugDocumentVersioning = "YES">
      <BuildableProductRunnable
         runnableDebuggingMode = "0">
         <BuildableReference
            BuildableIdentifier = "primary"
            BlueprintIdentifier = "F756F8DE260C3D6600A36040"
            BuildableName = "FootballGather.app"
            BlueprintName = "FootballGather (iOS)"
            ReferencedContainer = "container:FootballGather.xcodeproj">
         </BuildableReference>
      </BuildableProductRunnable>
   </ProfileAction>
   <AnalyzeAction
      buildConfiguration = "Debug">
   </AnalyzeAction>
   <ArchiveAction
      buildConfiguration = "Release"
      revealArchiveInOrganizer = "YES">
   </ArchiveAction>
</Scheme>
