// !$*UTF8*$!
{
	archiveVersion = 1;
	classes = {
	};
	objectVersion = 52;
	objects = {

/* Begin PBXBuildFile section */
		F703EB30274DF38800460551 /* GatherView.swift in Sources */ = {isa = PBXBuildFile; fileRef = F703EB2F274DF38800460551 /* GatherView.swift */; };
		F703EB33274DF3AC00460551 /* GatherPlayersViewModelTests.swift in Sources */ = {isa = PBXBuildFile; fileRef = F703EB32274DF3AC00460551 /* GatherPlayersViewModelTests.swift */; };
		F703EB35274DF4E800460551 /* GatherPlayersViewModel.swift in Sources */ = {isa = PBXBuildFile; fileRef = F703EB34274DF4E800460551 /* GatherPlayersViewModel.swift */; };
		F71648E3265F4C6C008D52FE /* FoundationTools in Frameworks */ = {isa = PBXBuildFile; productRef = F71648E2265F4C6C008D52FE /* FoundationTools */; };
		F71D37B027001D46002DC14E /* AddPlayerUITests+Validation.swift in Sources */ = {isa = PBXBuildFile; fileRef = F71D37AF27001D46002DC14E /* AddPlayerUITests+Validation.swift */; };
		F71D37B227002A94002DC14E /* AddPlayerUITests+DiscardConfirmation.swift in Sources */ = {isa = PBXBuildFile; fileRef = F71D37B127002A94002DC14E /* AddPlayerUITests+DiscardConfirmation.swift */; };
		F71F5CCB271855D500C31944 /* EditPlayerUITests+Save.swift in Sources */ = {isa = PBXBuildFile; fileRef = F71F5CCA271855D500C31944 /* EditPlayerUITests+Save.swift */; };
		F7223BC2274239C100446224 /* PlayersFinder.swift in Sources */ = {isa = PBXBuildFile; fileRef = F7223BC1274239C100446224 /* PlayersFinder.swift */; };
		F72972B3275F15B300900714 /* TimerControllerTests.swift in Sources */ = {isa = PBXBuildFile; fileRef = F72972B2275F15B300900714 /* TimerControllerTests.swift */; };
		F72972B62760709400900714 /* TimerController.swift in Sources */ = {isa = PBXBuildFile; fileRef = F72972B42760709200900714 /* TimerController.swift */; };
		F72972B9276074FD00900714 /* TimerView.swift in Sources */ = {isa = PBXBuildFile; fileRef = F72972B72760720300900714 /* TimerView.swift */; };
		F72D321127171E360001CD6F /* PlayerDetailsUITests.swift in Sources */ = {isa = PBXBuildFile; fileRef = F72D321027171E360001CD6F /* PlayerDetailsUITests.swift */; };
		F72D32132717D7CF0001CD6F /* EditPlayerUITests+Position.swift in Sources */ = {isa = PBXBuildFile; fileRef = F72D32122717D7CF0001CD6F /* EditPlayerUITests+Position.swift */; };
		F72D321A2717F68D0001CD6F /* PlayerDetailsSelection.swift in Sources */ = {isa = PBXBuildFile; fileRef = F72D32192717F68D0001CD6F /* PlayerDetailsSelection.swift */; };
		F72D321C271833D20001CD6F /* EditPlayerUITests.swift in Sources */ = {isa = PBXBuildFile; fileRef = F72D321B271833D20001CD6F /* EditPlayerUITests.swift */; };
		F72D321E2718343F0001CD6F /* EditPlayerUITests+Skill.swift in Sources */ = {isa = PBXBuildFile; fileRef = F72D321D2718343F0001CD6F /* EditPlayerUITests+Skill.swift */; };
		F72D3220271842410001CD6F /* EditPlayerUITests+Name.swift in Sources */ = {isa = PBXBuildFile; fileRef = F72D321F271842410001CD6F /* EditPlayerUITests+Name.swift */; };
		F73147E8274CA6D5003F773E /* GatherUITests.swift in Sources */ = {isa = PBXBuildFile; fileRef = F73147E7274CA6D5003F773E /* GatherUITests.swift */; };
		F73147EA274CA91D003F773E /* GatherUITests+View.swift in Sources */ = {isa = PBXBuildFile; fileRef = F73147E9274CA91D003F773E /* GatherUITests+View.swift */; };
		F73147ED274CA98F003F773E /* AppNavigator.swift in Sources */ = {isa = PBXBuildFile; fileRef = F73147EC274CA98F003F773E /* AppNavigator.swift */; };
		F73147EF274CABC6003F773E /* PlayerMover.swift in Sources */ = {isa = PBXBuildFile; fileRef = F73147EE274CABC6003F773E /* PlayerMover.swift */; };
		F73171CB2763819600BC2CCC /* TimerViewModel.swift in Sources */ = {isa = PBXBuildFile; fileRef = F73171CA2763819600BC2CCC /* TimerViewModel.swift */; };
		F73E058627435EC2003E5F4F /* ConfirmPlayersUITests+View.swift in Sources */ = {isa = PBXBuildFile; fileRef = F73E058527435EC2003E5F4F /* ConfirmPlayersUITests+View.swift */; };
		F73E058827435F2B003E5F4F /* ConfirmPlayersUITests+Move.swift in Sources */ = {isa = PBXBuildFile; fileRef = F73E058727435F2B003E5F4F /* ConfirmPlayersUITests+Move.swift */; };
		F7427D7926E7155B00474D18 /* AddPlayerUITests.swift in Sources */ = {isa = PBXBuildFile; fileRef = F7427D7826E7155B00474D18 /* AddPlayerUITests.swift */; };
		F742FFCC279A5D2200B8F5CE /* HistoryViewModel+Accessibility.swift in Sources */ = {isa = PBXBuildFile; fileRef = F742FFCB279A5D2200B8F5CE /* HistoryViewModel+Accessibility.swift */; };
		F742FFCE279A612800B8F5CE /* HistoryViewModel+AccessibilityTests.swift in Sources */ = {isa = PBXBuildFile; fileRef = F742FFCD279A612800B8F5CE /* HistoryViewModel+AccessibilityTests.swift */; };
		F74DCA5D27B3694800217FDB /* GatherCoordinatorTests.swift in Sources */ = {isa = PBXBuildFile; fileRef = F74DCA5C27B3694800217FDB /* GatherCoordinatorTests.swift */; };
		F750D0AB2791257700B14434 /* HistoryViewModel.swift in Sources */ = {isa = PBXBuildFile; fileRef = F750D0AA2791257700B14434 /* HistoryViewModel.swift */; };
		F750D0AD2791303800B14434 /* HistoryRowDescriptable.swift in Sources */ = {isa = PBXBuildFile; fileRef = F750D0AC2791303800B14434 /* HistoryRowDescriptable.swift */; };
		F752D67B27BCBF0E000F57F2 /* PlayerDetails in Frameworks */ = {isa = PBXBuildFile; productRef = F752D67A27BCBF0E000F57F2 /* PlayerDetails */; };
		F752D67D27BCBF0E000F57F2 /* PlayerList in Frameworks */ = {isa = PBXBuildFile; productRef = F752D67C27BCBF0E000F57F2 /* PlayerList */; };
		F75698AA2771B70200A3E0E1 /* GatherUITests+SetTime.swift in Sources */ = {isa = PBXBuildFile; fileRef = F75698A92771B70200A3E0E1 /* GatherUITests+SetTime.swift */; };
		F756F901260C3D6700A36040 /* FootballGatherApp.swift in Sources */ = {isa = PBXBuildFile; fileRef = F756F8D8260C3D6600A36040 /* FootballGatherApp.swift */; };
		F756F905260C3D6700A36040 /* Assets.xcassets in Resources */ = {isa = PBXBuildFile; fileRef = F756F8DA260C3D6600A36040 /* Assets.xcassets */; };
		F75AFA4D265368B6002D1CE8 /* AppLauncher.swift in Sources */ = {isa = PBXBuildFile; fileRef = F75AFA4C265368B6002D1CE8 /* AppLauncher.swift */; };
		F75AFA51265368FB002D1CE8 /* TestApp.swift in Sources */ = {isa = PBXBuildFile; fileRef = F75AFA50265368FB002D1CE8 /* TestApp.swift */; };
		F75AFA58265369E2002D1CE8 /* TestAppTests.swift in Sources */ = {isa = PBXBuildFile; fileRef = F75AFA57265369E2002D1CE8 /* TestAppTests.swift */; };
		F75AFA5C26537318002D1CE8 /* AppLauncherTests.swift in Sources */ = {isa = PBXBuildFile; fileRef = F75AFA5B26537318002D1CE8 /* AppLauncherTests.swift */; };
		F75AFA5E26537B79002D1CE8 /* UITestCase.swift in Sources */ = {isa = PBXBuildFile; fileRef = F75AFA5D26537B79002D1CE8 /* UITestCase.swift */; };
		F75AFA6126537BB4002D1CE8 /* XCUIElement+Extensions.swift in Sources */ = {isa = PBXBuildFile; fileRef = F75AFA6026537BB4002D1CE8 /* XCUIElement+Extensions.swift */; };
		F75AFA6426537C62002D1CE8 /* PlayerListUITests.swift in Sources */ = {isa = PBXBuildFile; fileRef = F75AFA6326537C62002D1CE8 /* PlayerListUITests.swift */; };
		F75FD85B278E8D0700266527 /* HistoryViewUITests.swift in Sources */ = {isa = PBXBuildFile; fileRef = F75FD85A278E8D0700266527 /* HistoryViewUITests.swift */; };
		F75FD85F278E934300266527 /* HistoryView.swift in Sources */ = {isa = PBXBuildFile; fileRef = F75FD85D278E933F00266527 /* HistoryView.swift */; };
		F76AD5E6279FBB7A00B18633 /* FoundationTools in Frameworks */ = {isa = PBXBuildFile; productRef = F76AD5E5279FBB7A00B18633 /* FoundationTools */; };
		F76AD5E8279FBB7A00B18633 /* Localizable in Frameworks */ = {isa = PBXBuildFile; productRef = F76AD5E7279FBB7A00B18633 /* Localizable */; };
		F76B9F25278D2E9800078F20 /* TimeSettings.swift in Sources */ = {isa = PBXBuildFile; fileRef = F76B9F24278D2E9800078F20 /* TimeSettings.swift */; };
		F76B9F27278D44DD00078F20 /* TimeSettingsTests.swift in Sources */ = {isa = PBXBuildFile; fileRef = F76B9F26278D44DD00078F20 /* TimeSettingsTests.swift */; };
		F777316827B0CA660067B3F8 /* MainTabView.swift in Sources */ = {isa = PBXBuildFile; fileRef = F777316727B0CA660067B3F8 /* MainTabView.swift */; };
		F777316A27B0CC1C0067B3F8 /* MainTabViewProvider.swift in Sources */ = {isa = PBXBuildFile; fileRef = F777316927B0CC1C0067B3F8 /* MainTabViewProvider.swift */; };
		F777316E27B0DCF70067B3F8 /* PlayersTabView.swift in Sources */ = {isa = PBXBuildFile; fileRef = F777316D27B0DCF70067B3F8 /* PlayersTabView.swift */; };
		F777317427B0DF430067B3F8 /* AddPlayerContainerView.swift in Sources */ = {isa = PBXBuildFile; fileRef = F777317327B0DF430067B3F8 /* AddPlayerContainerView.swift */; };
		F777317627B0DFD70067B3F8 /* PlayerDetailsContainerView.swift in Sources */ = {isa = PBXBuildFile; fileRef = F777317527B0DFD70067B3F8 /* PlayerDetailsContainerView.swift */; };
		F777317A27B0E1D60067B3F8 /* HistoryTabView.swift in Sources */ = {isa = PBXBuildFile; fileRef = F777317927B0E1D60067B3F8 /* HistoryTabView.swift */; };
		F78BA6AA260C54CE00083142 /* Localizable in Frameworks */ = {isa = PBXBuildFile; productRef = F78BA6A9260C54CE00083142 /* Localizable */; };
		F7944F97272152B3002DAF6D /* ConfirmPlayersUITests.swift in Sources */ = {isa = PBXBuildFile; fileRef = F7944F96272152B3002DAF6D /* ConfirmPlayersUITests.swift */; };
		F798950226DC987200898B24 /* PlayerSelectionUITests.swift in Sources */ = {isa = PBXBuildFile; fileRef = F798950126DC987200898B24 /* PlayerSelectionUITests.swift */; };
		F7A5255D27550AFF006D2CBC /* GatherViewModel.swift in Sources */ = {isa = PBXBuildFile; fileRef = F7A5255C27550AFF006D2CBC /* GatherViewModel.swift */; };
		F7A5255F27550B37006D2CBC /* GatherPlayersView.swift in Sources */ = {isa = PBXBuildFile; fileRef = F7A5255E27550B37006D2CBC /* GatherPlayersView.swift */; };
		F7A5256127550CBF006D2CBC /* GatherViewModelTests.swift in Sources */ = {isa = PBXBuildFile; fileRef = F7A5256027550CBF006D2CBC /* GatherViewModelTests.swift */; };
		F7A5256427551931006D2CBC /* ScoreView.swift in Sources */ = {isa = PBXBuildFile; fileRef = F7A5256227551901006D2CBC /* ScoreView.swift */; };
		F7A525662755FC51006D2CBC /* TeamsTableAsserter.swift in Sources */ = {isa = PBXBuildFile; fileRef = F7A525652755FC51006D2CBC /* TeamsTableAsserter.swift */; };
		F7A52568275606C5006D2CBC /* GatherUITests+EndConfirmation.swift in Sources */ = {isa = PBXBuildFile; fileRef = F7A52567275606C5006D2CBC /* GatherUITests+EndConfirmation.swift */; };
		F7A5256B275620BC006D2CBC /* GatherEndView.swift in Sources */ = {isa = PBXBuildFile; fileRef = F7A52569275620B8006D2CBC /* GatherEndView.swift */; };
		F7A5256D275750D6006D2CBC /* GatherUITests+Score.swift in Sources */ = {isa = PBXBuildFile; fileRef = F7A5256C275750D6006D2CBC /* GatherUITests+Score.swift */; };
		F7A5256F2757E1FD006D2CBC /* ScoreHandlerTests.swift in Sources */ = {isa = PBXBuildFile; fileRef = F7A5256E2757E1FD006D2CBC /* ScoreHandlerTests.swift */; };
		F7A525712757F091006D2CBC /* ScoreHandler.swift in Sources */ = {isa = PBXBuildFile; fileRef = F7A525702757F091006D2CBC /* ScoreHandler.swift */; };
		F7B1FB6127951C8500A31659 /* MainView.swift in Sources */ = {isa = PBXBuildFile; fileRef = F7B1FB6027951C8500A31659 /* MainView.swift */; };
		F7B29350265F44E400E76DF0 /* Mocks.swift in Sources */ = {isa = PBXBuildFile; fileRef = F7B2934F265F44E400E76DF0 /* Mocks.swift */; };
		F7B29352265F474B00E76DF0 /* DemoModelsTests.swift in Sources */ = {isa = PBXBuildFile; fileRef = F7B29351265F474B00E76DF0 /* DemoModelsTests.swift */; };
		F7B4A3B4276CDBE100079203 /* SetTimerView.swift in Sources */ = {isa = PBXBuildFile; fileRef = F7B4A3B3276CDBE100079203 /* SetTimerView.swift */; };
		F7BB973B27BE25490052F6C9 /* TeamSelection in Frameworks */ = {isa = PBXBuildFile; productRef = F7BB973A27BE25490052F6C9 /* TeamSelection */; };
		F7C47303275A740B007D19F2 /* ScoreViewAsserter.swift in Sources */ = {isa = PBXBuildFile; fileRef = F7C47302275A740B007D19F2 /* ScoreViewAsserter.swift */; };
		F7C47305275A7443007D19F2 /* ScoreHandlerAsserter.swift in Sources */ = {isa = PBXBuildFile; fileRef = F7C47304275A7443007D19F2 /* ScoreHandlerAsserter.swift */; };
		F7CAFE6D27B21F0900B39B22 /* ConfirmPlayersContainerView.swift in Sources */ = {isa = PBXBuildFile; fileRef = F7CAFE6C27B21F0900B39B22 /* ConfirmPlayersContainerView.swift */; };
		F7CAFE7127B22B8700B39B22 /* GatherCoordinator.swift in Sources */ = {isa = PBXBuildFile; fileRef = F7CAFE7027B22B8700B39B22 /* GatherCoordinator.swift */; };
		F7E05537277308C000385948 /* SetTimerViewModelTests.swift in Sources */ = {isa = PBXBuildFile; fileRef = F7E05536277308C000385948 /* SetTimerViewModelTests.swift */; };
		F7E0553A27730EA300385948 /* SetTimerViewModel.swift in Sources */ = {isa = PBXBuildFile; fileRef = F7E0553827730E2100385948 /* SetTimerViewModel.swift */; };
		F7EE73A3279137A6006BCF0F /* HistoryRowDescriptableTests.swift in Sources */ = {isa = PBXBuildFile; fileRef = F7EE73A2279137A6006BCF0F /* HistoryRowDescriptableTests.swift */; };
		F7F0EC06278FD10E000898A1 /* HistoryViewModelTests.swift in Sources */ = {isa = PBXBuildFile; fileRef = F7F0EC05278FD10E000898A1 /* HistoryViewModelTests.swift */; };
		F7F25CF02766FD91001B9986 /* GatherTimeFormatterTests.swift in Sources */ = {isa = PBXBuildFile; fileRef = F7F25CEF2766FD91001B9986 /* GatherTimeFormatterTests.swift */; };
		F7F25CF227670BD6001B9986 /* GatherTimeFormatter.swift in Sources */ = {isa = PBXBuildFile; fileRef = F7F25CF127670BD5001B9986 /* GatherTimeFormatter.swift */; };
		F7F25CFB276AF750001B9986 /* TimerViewModel+UIModel.swift in Sources */ = {isa = PBXBuildFile; fileRef = F7F25CFA276AF750001B9986 /* TimerViewModel+UIModel.swift */; };
		F7F25CFD276AF7C8001B9986 /* TimerViewModel+UIModelTests.swift in Sources */ = {isa = PBXBuildFile; fileRef = F7F25CFC276AF7C8001B9986 /* TimerViewModel+UIModelTests.swift */; };
		F7F25CFF276B1A4D001B9986 /* GatherUITests+TimerInteraction.swift in Sources */ = {isa = PBXBuildFile; fileRef = F7F25CFE276B1A4D001B9986 /* GatherUITests+TimerInteraction.swift */; };
		F7F2A139279FA7F90094D9B0 /* Snapshots.swift in Sources */ = {isa = PBXBuildFile; fileRef = F7F2A138279FA7F90094D9B0 /* Snapshots.swift */; };
		F7F2A144279FA9430094D9B0 /* SnapshotHelper.swift in Sources */ = {isa = PBXBuildFile; fileRef = F7F2A143279FA9430094D9B0 /* SnapshotHelper.swift */; };
		F7FCEA7E2761C5820058DB26 /* TimerViewModelTests.swift in Sources */ = {isa = PBXBuildFile; fileRef = F7FCEA7D2761C5820058DB26 /* TimerViewModelTests.swift */; };
		F7FEF35F27590928009F60E6 /* ScoreViewModelTests.swift in Sources */ = {isa = PBXBuildFile; fileRef = F7FEF35E27590928009F60E6 /* ScoreViewModelTests.swift */; };
		F7FEF36127591951009F60E6 /* ScoreViewModel.swift in Sources */ = {isa = PBXBuildFile; fileRef = F7FEF36027591951009F60E6 /* ScoreViewModel.swift */; };
/* End PBXBuildFile section */

/* Begin PBXContainerItemProxy section */
		F756F957260C40BB00A36040 /* PBXContainerItemProxy */ = {
			isa = PBXContainerItemProxy;
			containerPortal = F756F8D3260C3D6600A36040 /* Project object */;
			proxyType = 1;
			remoteGlobalIDString = F756F8DE260C3D6600A36040;
			remoteInfo = "Football Gather (iOS)";
		};
		F795CD00264A4F8D00D8FC3C /* PBXContainerItemProxy */ = {
			isa = PBXContainerItemProxy;
			containerPortal = F756F8D3260C3D6600A36040 /* Project object */;
			proxyType = 1;
			remoteGlobalIDString = F756F8DE260C3D6600A36040;
			remoteInfo = "FootballGather (iOS)";
		};
		F7F2A13C279FA7F90094D9B0 /* PBXContainerItemProxy */ = {
			isa = PBXContainerItemProxy;
			containerPortal = F756F8D3260C3D6600A36040 /* Project object */;
			proxyType = 1;
			remoteGlobalIDString = F756F8DE260C3D6600A36040;
			remoteInfo = "FootballGather (iOS)";
		};
/* End PBXContainerItemProxy section */

/* Begin PBXFileReference section */
		F703EB2F274DF38800460551 /* GatherView.swift */ = {isa = PBXFileReference; fileEncoding = 4; lastKnownFileType = sourcecode.swift; path = GatherView.swift; sourceTree = "<group>"; };
		F703EB32274DF3AC00460551 /* GatherPlayersViewModelTests.swift */ = {isa = PBXFileReference; lastKnownFileType = sourcecode.swift; path = GatherPlayersViewModelTests.swift; sourceTree = "<group>"; };
		F703EB34274DF4E800460551 /* GatherPlayersViewModel.swift */ = {isa = PBXFileReference; lastKnownFileType = sourcecode.swift; path = GatherPlayersViewModel.swift; sourceTree = "<group>"; };
		F711B3B927A105F3008A3752 /* Info.plist */ = {isa = PBXFileReference; fileEncoding = 4; lastKnownFileType = text.plist.xml; path = Info.plist; sourceTree = "<group>"; };
		F71D37AF27001D46002DC14E /* AddPlayerUITests+Validation.swift */ = {isa = PBXFileReference; lastKnownFileType = sourcecode.swift; path = "AddPlayerUITests+Validation.swift"; sourceTree = "<group>"; };
		F71D37B127002A94002DC14E /* AddPlayerUITests+DiscardConfirmation.swift */ = {isa = PBXFileReference; lastKnownFileType = sourcecode.swift; path = "AddPlayerUITests+DiscardConfirmation.swift"; sourceTree = "<group>"; };
		F71F5CCA271855D500C31944 /* EditPlayerUITests+Save.swift */ = {isa = PBXFileReference; lastKnownFileType = sourcecode.swift; path = "EditPlayerUITests+Save.swift"; sourceTree = "<group>"; };
		F7223BC1274239C100446224 /* PlayersFinder.swift */ = {isa = PBXFileReference; lastKnownFileType = sourcecode.swift; path = PlayersFinder.swift; sourceTree = "<group>"; };
		F72972B2275F15B300900714 /* TimerControllerTests.swift */ = {isa = PBXFileReference; lastKnownFileType = sourcecode.swift; path = TimerControllerTests.swift; sourceTree = "<group>"; };
		F72972B42760709200900714 /* TimerController.swift */ = {isa = PBXFileReference; lastKnownFileType = sourcecode.swift; path = TimerController.swift; sourceTree = "<group>"; };
		F72972B72760720300900714 /* TimerView.swift */ = {isa = PBXFileReference; lastKnownFileType = sourcecode.swift; path = TimerView.swift; sourceTree = "<group>"; };
		F72D321027171E360001CD6F /* PlayerDetailsUITests.swift */ = {isa = PBXFileReference; lastKnownFileType = sourcecode.swift; path = PlayerDetailsUITests.swift; sourceTree = "<group>"; };
		F72D32122717D7CF0001CD6F /* EditPlayerUITests+Position.swift */ = {isa = PBXFileReference; lastKnownFileType = sourcecode.swift; path = "EditPlayerUITests+Position.swift"; sourceTree = "<group>"; };
		F72D32192717F68D0001CD6F /* PlayerDetailsSelection.swift */ = {isa = PBXFileReference; lastKnownFileType = sourcecode.swift; path = PlayerDetailsSelection.swift; sourceTree = "<group>"; };
		F72D321B271833D20001CD6F /* EditPlayerUITests.swift */ = {isa = PBXFileReference; lastKnownFileType = sourcecode.swift; path = EditPlayerUITests.swift; sourceTree = "<group>"; };
		F72D321D2718343F0001CD6F /* EditPlayerUITests+Skill.swift */ = {isa = PBXFileReference; lastKnownFileType = sourcecode.swift; path = "EditPlayerUITests+Skill.swift"; sourceTree = "<group>"; };
		F72D321F271842410001CD6F /* EditPlayerUITests+Name.swift */ = {isa = PBXFileReference; lastKnownFileType = sourcecode.swift; path = "EditPlayerUITests+Name.swift"; sourceTree = "<group>"; };
		F73147E7274CA6D5003F773E /* GatherUITests.swift */ = {isa = PBXFileReference; lastKnownFileType = sourcecode.swift; path = GatherUITests.swift; sourceTree = "<group>"; };
		F73147E9274CA91D003F773E /* GatherUITests+View.swift */ = {isa = PBXFileReference; lastKnownFileType = sourcecode.swift; path = "GatherUITests+View.swift"; sourceTree = "<group>"; };
		F73147EC274CA98F003F773E /* AppNavigator.swift */ = {isa = PBXFileReference; lastKnownFileType = sourcecode.swift; path = AppNavigator.swift; sourceTree = "<group>"; };
		F73147EE274CABC6003F773E /* PlayerMover.swift */ = {isa = PBXFileReference; lastKnownFileType = sourcecode.swift; path = PlayerMover.swift; sourceTree = "<group>"; };
		F73171CA2763819600BC2CCC /* TimerViewModel.swift */ = {isa = PBXFileReference; lastKnownFileType = sourcecode.swift; path = TimerViewModel.swift; sourceTree = "<group>"; };
		F73E058527435EC2003E5F4F /* ConfirmPlayersUITests+View.swift */ = {isa = PBXFileReference; lastKnownFileType = sourcecode.swift; path = "ConfirmPlayersUITests+View.swift"; sourceTree = "<group>"; };
		F73E058727435F2B003E5F4F /* ConfirmPlayersUITests+Move.swift */ = {isa = PBXFileReference; lastKnownFileType = sourcecode.swift; path = "ConfirmPlayersUITests+Move.swift"; sourceTree = "<group>"; };
		F7427D7826E7155B00474D18 /* AddPlayerUITests.swift */ = {isa = PBXFileReference; lastKnownFileType = sourcecode.swift; path = AddPlayerUITests.swift; sourceTree = "<group>"; };
		F742FFCB279A5D2200B8F5CE /* HistoryViewModel+Accessibility.swift */ = {isa = PBXFileReference; lastKnownFileType = sourcecode.swift; path = "HistoryViewModel+Accessibility.swift"; sourceTree = "<group>"; };
		F742FFCD279A612800B8F5CE /* HistoryViewModel+AccessibilityTests.swift */ = {isa = PBXFileReference; lastKnownFileType = sourcecode.swift; path = "HistoryViewModel+AccessibilityTests.swift"; sourceTree = "<group>"; };
		F74DCA5C27B3694800217FDB /* GatherCoordinatorTests.swift */ = {isa = PBXFileReference; lastKnownFileType = sourcecode.swift; path = GatherCoordinatorTests.swift; sourceTree = "<group>"; };
		F750D0AA2791257700B14434 /* HistoryViewModel.swift */ = {isa = PBXFileReference; lastKnownFileType = sourcecode.swift; path = HistoryViewModel.swift; sourceTree = "<group>"; };
		F750D0AC2791303800B14434 /* HistoryRowDescriptable.swift */ = {isa = PBXFileReference; lastKnownFileType = sourcecode.swift; path = HistoryRowDescriptable.swift; sourceTree = "<group>"; };
		F752D67E27BCCCC0000F57F2 /* PlayerDetailsAssets */ = {isa = PBXFileReference; lastKnownFileType = wrapper; path = PlayerDetailsAssets; sourceTree = "<group>"; };
		F75698A92771B70200A3E0E1 /* GatherUITests+SetTime.swift */ = {isa = PBXFileReference; lastKnownFileType = sourcecode.swift; path = "GatherUITests+SetTime.swift"; sourceTree = "<group>"; };
		F756F8D8260C3D6600A36040 /* FootballGatherApp.swift */ = {isa = PBXFileReference; lastKnownFileType = sourcecode.swift; path = FootballGatherApp.swift; sourceTree = "<group>"; };
		F756F8DA260C3D6600A36040 /* Assets.xcassets */ = {isa = PBXFileReference; lastKnownFileType = folder.assetcatalog; path = Assets.xcassets; sourceTree = "<group>"; };
		F756F8DF260C3D6600A36040 /* FootballGather.app */ = {isa = PBXFileReference; explicitFileType = wrapper.application; includeInIndex = 0; path = FootballGather.app; sourceTree = BUILT_PRODUCTS_DIR; };
		F756F8E2260C3D6600A36040 /* Info.plist */ = {isa = PBXFileReference; lastKnownFileType = text.plist.xml; path = Info.plist; sourceTree = "<group>"; };
		F756F952260C40BB00A36040 /* UITests.xctest */ = {isa = PBXFileReference; explicitFileType = wrapper.cfbundle; includeInIndex = 0; path = UITests.xctest; sourceTree = BUILT_PRODUCTS_DIR; };
		F756F956260C40BB00A36040 /* Info.plist */ = {isa = PBXFileReference; lastKnownFileType = text.plist.xml; path = Info.plist; sourceTree = "<group>"; };
		F75AFA4C265368B6002D1CE8 /* AppLauncher.swift */ = {isa = PBXFileReference; lastKnownFileType = sourcecode.swift; path = AppLauncher.swift; sourceTree = "<group>"; };
		F75AFA50265368FB002D1CE8 /* TestApp.swift */ = {isa = PBXFileReference; lastKnownFileType = sourcecode.swift; path = TestApp.swift; sourceTree = "<group>"; };
		F75AFA57265369E2002D1CE8 /* TestAppTests.swift */ = {isa = PBXFileReference; lastKnownFileType = sourcecode.swift; path = TestAppTests.swift; sourceTree = "<group>"; };
		F75AFA5B26537318002D1CE8 /* AppLauncherTests.swift */ = {isa = PBXFileReference; lastKnownFileType = sourcecode.swift; path = AppLauncherTests.swift; sourceTree = "<group>"; };
		F75AFA5D26537B79002D1CE8 /* UITestCase.swift */ = {isa = PBXFileReference; lastKnownFileType = sourcecode.swift; path = UITestCase.swift; sourceTree = "<group>"; };
		F75AFA6026537BB4002D1CE8 /* XCUIElement+Extensions.swift */ = {isa = PBXFileReference; lastKnownFileType = sourcecode.swift; path = "XCUIElement+Extensions.swift"; sourceTree = "<group>"; };
		F75AFA6326537C62002D1CE8 /* PlayerListUITests.swift */ = {isa = PBXFileReference; lastKnownFileType = sourcecode.swift; path = PlayerListUITests.swift; sourceTree = "<group>"; };
		F75FD85A278E8D0700266527 /* HistoryViewUITests.swift */ = {isa = PBXFileReference; lastKnownFileType = sourcecode.swift; path = HistoryViewUITests.swift; sourceTree = "<group>"; };
		F75FD85D278E933F00266527 /* HistoryView.swift */ = {isa = PBXFileReference; lastKnownFileType = sourcecode.swift; path = HistoryView.swift; sourceTree = "<group>"; };
		F76B9F24278D2E9800078F20 /* TimeSettings.swift */ = {isa = PBXFileReference; lastKnownFileType = sourcecode.swift; path = TimeSettings.swift; sourceTree = "<group>"; };
		F76B9F26278D44DD00078F20 /* TimeSettingsTests.swift */ = {isa = PBXFileReference; lastKnownFileType = sourcecode.swift; path = TimeSettingsTests.swift; sourceTree = "<group>"; };
		F777316727B0CA660067B3F8 /* MainTabView.swift */ = {isa = PBXFileReference; lastKnownFileType = sourcecode.swift; path = MainTabView.swift; sourceTree = "<group>"; };
		F777316927B0CC1C0067B3F8 /* MainTabViewProvider.swift */ = {isa = PBXFileReference; lastKnownFileType = sourcecode.swift; path = MainTabViewProvider.swift; sourceTree = "<group>"; };
		F777316D27B0DCF70067B3F8 /* PlayersTabView.swift */ = {isa = PBXFileReference; lastKnownFileType = sourcecode.swift; path = PlayersTabView.swift; sourceTree = "<group>"; };
		F777317327B0DF430067B3F8 /* AddPlayerContainerView.swift */ = {isa = PBXFileReference; lastKnownFileType = sourcecode.swift; path = AddPlayerContainerView.swift; sourceTree = "<group>"; };
		F777317527B0DFD70067B3F8 /* PlayerDetailsContainerView.swift */ = {isa = PBXFileReference; lastKnownFileType = sourcecode.swift; path = PlayerDetailsContainerView.swift; sourceTree = "<group>"; };
		F777317927B0E1D60067B3F8 /* HistoryTabView.swift */ = {isa = PBXFileReference; lastKnownFileType = sourcecode.swift; path = HistoryTabView.swift; sourceTree = "<group>"; };
		F7944F96272152B3002DAF6D /* ConfirmPlayersUITests.swift */ = {isa = PBXFileReference; lastKnownFileType = sourcecode.swift; path = ConfirmPlayersUITests.swift; sourceTree = "<group>"; };
		F795CCFB264A4F8D00D8FC3C /* FootballGatherTests.xctest */ = {isa = PBXFileReference; explicitFileType = wrapper.cfbundle; includeInIndex = 0; path = FootballGatherTests.xctest; sourceTree = BUILT_PRODUCTS_DIR; };
		F795CCFF264A4F8D00D8FC3C /* Info.plist */ = {isa = PBXFileReference; lastKnownFileType = text.plist.xml; path = Info.plist; sourceTree = "<group>"; };
		F7986A4527BCB8F8000AA9F2 /* CoreModels */ = {isa = PBXFileReference; lastKnownFileType = wrapper; path = CoreModels; sourceTree = "<group>"; };
		F7986A4627BCB91A000AA9F2 /* FoundationTools */ = {isa = PBXFileReference; lastKnownFileType = wrapper; path = FoundationTools; sourceTree = "<group>"; };
		F7986A4727BCB92E000AA9F2 /* Localizable */ = {isa = PBXFileReference; lastKnownFileType = wrapper; path = Localizable; sourceTree = "<group>"; };
		F7986A4827BCB941000AA9F2 /* UITools */ = {isa = PBXFileReference; lastKnownFileType = wrapper; path = UITools; sourceTree = "<group>"; };
		F798950126DC987200898B24 /* PlayerSelectionUITests.swift */ = {isa = PBXFileReference; lastKnownFileType = sourcecode.swift; path = PlayerSelectionUITests.swift; sourceTree = "<group>"; };
		F7A5255C27550AFF006D2CBC /* GatherViewModel.swift */ = {isa = PBXFileReference; lastKnownFileType = sourcecode.swift; path = GatherViewModel.swift; sourceTree = "<group>"; };
		F7A5255E27550B37006D2CBC /* GatherPlayersView.swift */ = {isa = PBXFileReference; lastKnownFileType = sourcecode.swift; path = GatherPlayersView.swift; sourceTree = "<group>"; };
		F7A5256027550CBF006D2CBC /* GatherViewModelTests.swift */ = {isa = PBXFileReference; lastKnownFileType = sourcecode.swift; path = GatherViewModelTests.swift; sourceTree = "<group>"; };
		F7A5256227551901006D2CBC /* ScoreView.swift */ = {isa = PBXFileReference; lastKnownFileType = sourcecode.swift; path = ScoreView.swift; sourceTree = "<group>"; };
		F7A525652755FC51006D2CBC /* TeamsTableAsserter.swift */ = {isa = PBXFileReference; lastKnownFileType = sourcecode.swift; path = TeamsTableAsserter.swift; sourceTree = "<group>"; };
		F7A52567275606C5006D2CBC /* GatherUITests+EndConfirmation.swift */ = {isa = PBXFileReference; lastKnownFileType = sourcecode.swift; path = "GatherUITests+EndConfirmation.swift"; sourceTree = "<group>"; };
		F7A52569275620B8006D2CBC /* GatherEndView.swift */ = {isa = PBXFileReference; lastKnownFileType = sourcecode.swift; path = GatherEndView.swift; sourceTree = "<group>"; };
		F7A5256C275750D6006D2CBC /* GatherUITests+Score.swift */ = {isa = PBXFileReference; lastKnownFileType = sourcecode.swift; path = "GatherUITests+Score.swift"; sourceTree = "<group>"; };
		F7A5256E2757E1FD006D2CBC /* ScoreHandlerTests.swift */ = {isa = PBXFileReference; lastKnownFileType = sourcecode.swift; path = ScoreHandlerTests.swift; sourceTree = "<group>"; };
		F7A525702757F091006D2CBC /* ScoreHandler.swift */ = {isa = PBXFileReference; lastKnownFileType = sourcecode.swift; path = ScoreHandler.swift; sourceTree = "<group>"; };
		F7B1FB6027951C8500A31659 /* MainView.swift */ = {isa = PBXFileReference; lastKnownFileType = sourcecode.swift; path = MainView.swift; sourceTree = "<group>"; };
		F7B2934F265F44E400E76DF0 /* Mocks.swift */ = {isa = PBXFileReference; lastKnownFileType = sourcecode.swift; path = Mocks.swift; sourceTree = "<group>"; };
		F7B29351265F474B00E76DF0 /* DemoModelsTests.swift */ = {isa = PBXFileReference; lastKnownFileType = sourcecode.swift; path = DemoModelsTests.swift; sourceTree = "<group>"; };
		F7B4A3B3276CDBE100079203 /* SetTimerView.swift */ = {isa = PBXFileReference; lastKnownFileType = sourcecode.swift; path = SetTimerView.swift; sourceTree = "<group>"; };
		F7BB973927BE23560052F6C9 /* TeamSelection */ = {isa = PBXFileReference; lastKnownFileType = wrapper; path = TeamSelection; sourceTree = "<group>"; };
		F7C47302275A740B007D19F2 /* ScoreViewAsserter.swift */ = {isa = PBXFileReference; lastKnownFileType = sourcecode.swift; path = ScoreViewAsserter.swift; sourceTree = "<group>"; };
		F7C47304275A7443007D19F2 /* ScoreHandlerAsserter.swift */ = {isa = PBXFileReference; lastKnownFileType = sourcecode.swift; path = ScoreHandlerAsserter.swift; sourceTree = "<group>"; };
		F7C756D727B4C35200D4204F /* PlayerListAssets */ = {isa = PBXFileReference; lastKnownFileType = wrapper; path = PlayerListAssets; sourceTree = "<group>"; };
		F7CAFE6C27B21F0900B39B22 /* ConfirmPlayersContainerView.swift */ = {isa = PBXFileReference; lastKnownFileType = sourcecode.swift; path = ConfirmPlayersContainerView.swift; sourceTree = "<group>"; };
		F7CAFE7027B22B8700B39B22 /* GatherCoordinator.swift */ = {isa = PBXFileReference; lastKnownFileType = sourcecode.swift; path = GatherCoordinator.swift; sourceTree = "<group>"; };
		F7CB5B4827BCB6AD004FD1E5 /* PlayerDetails */ = {isa = PBXFileReference; lastKnownFileType = wrapper; path = PlayerDetails; sourceTree = "<group>"; };
		F7E05536277308C000385948 /* SetTimerViewModelTests.swift */ = {isa = PBXFileReference; lastKnownFileType = sourcecode.swift; path = SetTimerViewModelTests.swift; sourceTree = "<group>"; };
		F7E0553827730E2100385948 /* SetTimerViewModel.swift */ = {isa = PBXFileReference; lastKnownFileType = sourcecode.swift; path = SetTimerViewModel.swift; sourceTree = "<group>"; };
		F7EE5A0E27BCB7D700EB62A0 /* PlayerList */ = {isa = PBXFileReference; lastKnownFileType = wrapper; path = PlayerList; sourceTree = "<group>"; };
		F7EE73A2279137A6006BCF0F /* HistoryRowDescriptableTests.swift */ = {isa = PBXFileReference; lastKnownFileType = sourcecode.swift; path = HistoryRowDescriptableTests.swift; sourceTree = "<group>"; };
		F7F0EC05278FD10E000898A1 /* HistoryViewModelTests.swift */ = {isa = PBXFileReference; lastKnownFileType = sourcecode.swift; path = HistoryViewModelTests.swift; sourceTree = "<group>"; };
		F7F25CEF2766FD91001B9986 /* GatherTimeFormatterTests.swift */ = {isa = PBXFileReference; lastKnownFileType = sourcecode.swift; path = GatherTimeFormatterTests.swift; sourceTree = "<group>"; };
		F7F25CF127670BD5001B9986 /* GatherTimeFormatter.swift */ = {isa = PBXFileReference; lastKnownFileType = sourcecode.swift; path = GatherTimeFormatter.swift; sourceTree = "<group>"; };
		F7F25CFA276AF750001B9986 /* TimerViewModel+UIModel.swift */ = {isa = PBXFileReference; lastKnownFileType = sourcecode.swift; path = "TimerViewModel+UIModel.swift"; sourceTree = "<group>"; };
		F7F25CFC276AF7C8001B9986 /* TimerViewModel+UIModelTests.swift */ = {isa = PBXFileReference; lastKnownFileType = sourcecode.swift; path = "TimerViewModel+UIModelTests.swift"; sourceTree = "<group>"; };
		F7F25CFE276B1A4D001B9986 /* GatherUITests+TimerInteraction.swift */ = {isa = PBXFileReference; lastKnownFileType = sourcecode.swift; path = "GatherUITests+TimerInteraction.swift"; sourceTree = "<group>"; };
		F7F2A136279FA7F90094D9B0 /* Snapshots.xctest */ = {isa = PBXFileReference; explicitFileType = wrapper.cfbundle; includeInIndex = 0; path = Snapshots.xctest; sourceTree = BUILT_PRODUCTS_DIR; };
		F7F2A138279FA7F90094D9B0 /* Snapshots.swift */ = {isa = PBXFileReference; lastKnownFileType = sourcecode.swift; path = Snapshots.swift; sourceTree = "<group>"; };
		F7F2A143279FA9430094D9B0 /* SnapshotHelper.swift */ = {isa = PBXFileReference; fileEncoding = 4; lastKnownFileType = sourcecode.swift; path = SnapshotHelper.swift; sourceTree = "<group>"; };
		F7FCEA7D2761C5820058DB26 /* TimerViewModelTests.swift */ = {isa = PBXFileReference; lastKnownFileType = sourcecode.swift; path = TimerViewModelTests.swift; sourceTree = "<group>"; };
		F7FEF35E27590928009F60E6 /* ScoreViewModelTests.swift */ = {isa = PBXFileReference; lastKnownFileType = sourcecode.swift; path = ScoreViewModelTests.swift; sourceTree = "<group>"; };
		F7FEF36027591951009F60E6 /* ScoreViewModel.swift */ = {isa = PBXFileReference; lastKnownFileType = sourcecode.swift; path = ScoreViewModel.swift; sourceTree = "<group>"; };
/* End PBXFileReference section */

/* Begin PBXFrameworksBuildPhase section */
		F756F8DC260C3D6600A36040 /* Frameworks */ = {
			isa = PBXFrameworksBuildPhase;
			buildActionMask = 2147483647;
			files = (
				F7BB973B27BE25490052F6C9 /* TeamSelection in Frameworks */,
				F752D67B27BCBF0E000F57F2 /* PlayerDetails in Frameworks */,
				F752D67D27BCBF0E000F57F2 /* PlayerList in Frameworks */,
			);
			runOnlyForDeploymentPostprocessing = 0;
		};
		F756F94F260C40BB00A36040 /* Frameworks */ = {
			isa = PBXFrameworksBuildPhase;
			buildActionMask = 2147483647;
			files = (
				F78BA6AA260C54CE00083142 /* Localizable in Frameworks */,
				F71648E3265F4C6C008D52FE /* FoundationTools in Frameworks */,
			);
			runOnlyForDeploymentPostprocessing = 0;
		};
		F795CCF8264A4F8D00D8FC3C /* Frameworks */ = {
			isa = PBXFrameworksBuildPhase;
			buildActionMask = 2147483647;
			files = (
			);
			runOnlyForDeploymentPostprocessing = 0;
		};
		F7F2A133279FA7F90094D9B0 /* Frameworks */ = {
			isa = PBXFrameworksBuildPhase;
			buildActionMask = 2147483647;
			files = (
				F76AD5E6279FBB7A00B18633 /* FoundationTools in Frameworks */,
				F76AD5E8279FBB7A00B18633 /* Localizable in Frameworks */,
			);
			runOnlyForDeploymentPostprocessing = 0;
		};
/* End PBXFrameworksBuildPhase section */

/* Begin PBXGroup section */
		F703EB2E274DF37000460551 /* Views */ = {
			isa = PBXGroup;
			children = (
				F703EB2F274DF38800460551 /* GatherView.swift */,
				F7A5255E27550B37006D2CBC /* GatherPlayersView.swift */,
				F7A52569275620B8006D2CBC /* GatherEndView.swift */,
				F7A5256227551901006D2CBC /* ScoreView.swift */,
				F72972B72760720300900714 /* TimerView.swift */,
				F7B4A3B3276CDBE100079203 /* SetTimerView.swift */,
			);
			path = Views;
			sourceTree = "<group>";
		};
		F703EB31274DF39100460551 /* ViewModels */ = {
			isa = PBXGroup;
			children = (
				F7A5255C27550AFF006D2CBC /* GatherViewModel.swift */,
				F703EB34274DF4E800460551 /* GatherPlayersViewModel.swift */,
				F7FEF36027591951009F60E6 /* ScoreViewModel.swift */,
				F73171CA2763819600BC2CCC /* TimerViewModel.swift */,
				F7F25CFA276AF750001B9986 /* TimerViewModel+UIModel.swift */,
				F7E0553827730E2100385948 /* SetTimerViewModel.swift */,
			);
			path = ViewModels;
			sourceTree = "<group>";
		};
		F72D3221271854510001CD6F /* List */ = {
			isa = PBXGroup;
			children = (
				F75AFA6326537C62002D1CE8 /* PlayerListUITests.swift */,
				F798950126DC987200898B24 /* PlayerSelectionUITests.swift */,
			);
			path = List;
			sourceTree = "<group>";
		};
		F72D32222718546E0001CD6F /* Add */ = {
			isa = PBXGroup;
			children = (
				F7427D7826E7155B00474D18 /* AddPlayerUITests.swift */,
				F71D37AF27001D46002DC14E /* AddPlayerUITests+Validation.swift */,
				F71D37B127002A94002DC14E /* AddPlayerUITests+DiscardConfirmation.swift */,
			);
			path = Add;
			sourceTree = "<group>";
		};
		F72D3223271854750001CD6F /* Details */ = {
			isa = PBXGroup;
			children = (
				F72D321027171E360001CD6F /* PlayerDetailsUITests.swift */,
			);
			path = Details;
			sourceTree = "<group>";
		};
		F72D3224271854820001CD6F /* Edit */ = {
			isa = PBXGroup;
			children = (
				F72D321B271833D20001CD6F /* EditPlayerUITests.swift */,
				F72D32122717D7CF0001CD6F /* EditPlayerUITests+Position.swift */,
				F72D321D2718343F0001CD6F /* EditPlayerUITests+Skill.swift */,
				F72D321F271842410001CD6F /* EditPlayerUITests+Name.swift */,
				F71F5CCA271855D500C31944 /* EditPlayerUITests+Save.swift */,
			);
			path = Edit;
			sourceTree = "<group>";
		};
		F756F8D2260C3D6600A36040 = {
			isa = PBXGroup;
			children = (
				F756F993260C486400A36040 /* Packages */,
				F756F8D7260C3D6600A36040 /* Sources */,
				F756F8E1260C3D6600A36040 /* Supporting files */,
				F795CCFC264A4F8D00D8FC3C /* FootballGatherTests */,
				F756F953260C40BB00A36040 /* UITests */,
				F7F2A137279FA7F90094D9B0 /* Snapshots */,
				F756F8E0260C3D6600A36040 /* Products */,
				F78BA6A1260C530F00083142 /* Frameworks */,
			);
			sourceTree = "<group>";
		};
		F756F8D7260C3D6600A36040 /* Sources */ = {
			isa = PBXGroup;
			children = (
				F75AFA5326536916002D1CE8 /* App */,
				F7B1FB5F27951C6500A31659 /* Main */,
				F75AFA6526537F93002D1CE8 /* UseCases */,
			);
			path = Sources;
			sourceTree = "<group>";
		};
		F756F8E0260C3D6600A36040 /* Products */ = {
			isa = PBXGroup;
			children = (
				F756F8DF260C3D6600A36040 /* FootballGather.app */,
				F756F952260C40BB00A36040 /* UITests.xctest */,
				F795CCFB264A4F8D00D8FC3C /* FootballGatherTests.xctest */,
				F7F2A136279FA7F90094D9B0 /* Snapshots.xctest */,
			);
			name = Products;
			sourceTree = "<group>";
		};
		F756F8E1260C3D6600A36040 /* Supporting files */ = {
			isa = PBXGroup;
			children = (
				F756F8E2260C3D6600A36040 /* Info.plist */,
				F756F8DA260C3D6600A36040 /* Assets.xcassets */,
			);
			path = "Supporting files";
			sourceTree = "<group>";
		};
		F756F953260C40BB00A36040 /* UITests */ = {
			isa = PBXGroup;
			children = (
				F75AFA5F26537BA7002D1CE8 /* Helpers */,
				F75AFA6226537C4B002D1CE8 /* UseCases */,
				F756F956260C40BB00A36040 /* Info.plist */,
			);
			path = UITests;
			sourceTree = "<group>";
		};
		F756F993260C486400A36040 /* Packages */ = {
			isa = PBXGroup;
			children = (
				F7F50C1027BCB88A000556BC /* Core */,
				F7F50C0F27BCB860000556BC /* Details */,
				F7CB5B4927BCB78B004FD1E5 /* List */,
				F7BB973827BE23400052F6C9 /* TeamSelection */,
			);
			path = Packages;
			sourceTree = "<group>";
		};
		F75AFA5326536916002D1CE8 /* App */ = {
			isa = PBXGroup;
			children = (
				F75AFA4C265368B6002D1CE8 /* AppLauncher.swift */,
				F756F8D8260C3D6600A36040 /* FootballGatherApp.swift */,
				F75AFA50265368FB002D1CE8 /* TestApp.swift */,
			);
			path = App;
			sourceTree = "<group>";
		};
		F75AFA5426536945002D1CE8 /* App */ = {
			isa = PBXGroup;
			children = (
				F75AFA5B26537318002D1CE8 /* AppLauncherTests.swift */,
				F75AFA57265369E2002D1CE8 /* TestAppTests.swift */,
			);
			path = App;
			sourceTree = "<group>";
		};
		F75AFA5F26537BA7002D1CE8 /* Helpers */ = {
			isa = PBXGroup;
			children = (
				F75AFA5D26537B79002D1CE8 /* UITestCase.swift */,
				F75AFA6026537BB4002D1CE8 /* XCUIElement+Extensions.swift */,
				F72D32192717F68D0001CD6F /* PlayerDetailsSelection.swift */,
				F7223BC1274239C100446224 /* PlayersFinder.swift */,
				F7A525652755FC51006D2CBC /* TeamsTableAsserter.swift */,
				F73147EE274CABC6003F773E /* PlayerMover.swift */,
				F73147EC274CA98F003F773E /* AppNavigator.swift */,
				F7C47301275A7401007D19F2 /* Score */,
			);
			path = Helpers;
			sourceTree = "<group>";
		};
		F75AFA6226537C4B002D1CE8 /* UseCases */ = {
			isa = PBXGroup;
			children = (
				F72D3221271854510001CD6F /* List */,
				F72D3223271854750001CD6F /* Details */,
				F72D32222718546E0001CD6F /* Add */,
				F72D3224271854820001CD6F /* Edit */,
				F7944F952721521A002DAF6D /* Confirmation */,
				F7E9C8922745F9FA002DC16C /* Gather */,
				F75FD859278E8CC500266527 /* History */,
			);
			path = UseCases;
			sourceTree = "<group>";
		};
		F75AFA6526537F93002D1CE8 /* UseCases */ = {
			isa = PBXGroup;
			children = (
				F7E9C8912745F9D0002DC16C /* Gather */,
				F75FD85C278E8E0900266527 /* History */,
			);
			path = UseCases;
			sourceTree = "<group>";
		};
		F75FD859278E8CC500266527 /* History */ = {
			isa = PBXGroup;
			children = (
				F75FD85A278E8D0700266527 /* HistoryViewUITests.swift */,
			);
			path = History;
			sourceTree = "<group>";
		};
		F75FD85C278E8E0900266527 /* History */ = {
			isa = PBXGroup;
			children = (
				F7F0EC02278FD0E2000898A1 /* Views */,
				F7F0EC03278FD0E7000898A1 /* ViewModels */,
			);
			path = History;
			sourceTree = "<group>";
		};
		F777317727B0E16D0067B3F8 /* PlayersTab */ = {
			isa = PBXGroup;
			children = (
				F777316D27B0DCF70067B3F8 /* PlayersTabView.swift */,
				F777317327B0DF430067B3F8 /* AddPlayerContainerView.swift */,
				F777317527B0DFD70067B3F8 /* PlayerDetailsContainerView.swift */,
				F7CAFE6C27B21F0900B39B22 /* ConfirmPlayersContainerView.swift */,
			);
			path = PlayersTab;
			sourceTree = "<group>";
		};
		F777317827B0E1C50067B3F8 /* HistoryTab */ = {
			isa = PBXGroup;
			children = (
				F777317927B0E1D60067B3F8 /* HistoryTabView.swift */,
			);
			path = HistoryTab;
			sourceTree = "<group>";
		};
		F777317B27B0E4720067B3F8 /* TabView */ = {
			isa = PBXGroup;
			children = (
				F7B1FB6027951C8500A31659 /* MainView.swift */,
				F777316727B0CA660067B3F8 /* MainTabView.swift */,
				F777316927B0CC1C0067B3F8 /* MainTabViewProvider.swift */,
			);
			path = TabView;
			sourceTree = "<group>";
		};
		F78BA6A1260C530F00083142 /* Frameworks */ = {
			isa = PBXGroup;
			children = (
			);
			name = Frameworks;
			sourceTree = "<group>";
		};
		F791020626E0754600BF79B9 /* UseCases */ = {
			isa = PBXGroup;
			children = (
				F7E9C8902745F9B1002DC16C /* Gather */,
				F7F0EC04278FD0F9000898A1 /* History */,
			);
			path = UseCases;
			sourceTree = "<group>";
		};
		F7944F952721521A002DAF6D /* Confirmation */ = {
			isa = PBXGroup;
			children = (
				F7944F96272152B3002DAF6D /* ConfirmPlayersUITests.swift */,
				F73E058527435EC2003E5F4F /* ConfirmPlayersUITests+View.swift */,
				F73E058727435F2B003E5F4F /* ConfirmPlayersUITests+Move.swift */,
			);
			path = Confirmation;
			sourceTree = "<group>";
		};
		F795CCFC264A4F8D00D8FC3C /* FootballGatherTests */ = {
			isa = PBXGroup;
			children = (
				F7B2934F265F44E400E76DF0 /* Mocks.swift */,
				F75AFA5426536945002D1CE8 /* App */,
				F7B2934C265F441A00E76DF0 /* Helpers */,
				F791020626E0754600BF79B9 /* UseCases */,
				F795CCFF264A4F8D00D8FC3C /* Info.plist */,
			);
			path = FootballGatherTests;
			sourceTree = "<group>";
		};
		F7B1FB5F27951C6500A31659 /* Main */ = {
			isa = PBXGroup;
			children = (
				F777317B27B0E4720067B3F8 /* TabView */,
				F777317727B0E16D0067B3F8 /* PlayersTab */,
				F777317827B0E1C50067B3F8 /* HistoryTab */,
			);
			path = Main;
			sourceTree = "<group>";
		};
		F7B2934C265F441A00E76DF0 /* Helpers */ = {
			isa = PBXGroup;
			children = (
				F7B29351265F474B00E76DF0 /* DemoModelsTests.swift */,
				F74DCA5C27B3694800217FDB /* GatherCoordinatorTests.swift */,
			);
			path = Helpers;
			sourceTree = "<group>";
		};
		F7BB973827BE23400052F6C9 /* TeamSelection */ = {
			isa = PBXGroup;
			children = (
				F7BB973927BE23560052F6C9 /* TeamSelection */,
			);
			path = TeamSelection;
			sourceTree = "<group>";
		};
		F7C47301275A7401007D19F2 /* Score */ = {
			isa = PBXGroup;
			children = (
				F7C47302275A740B007D19F2 /* ScoreViewAsserter.swift */,
				F7C47304275A7443007D19F2 /* ScoreHandlerAsserter.swift */,
			);
			path = Score;
			sourceTree = "<group>";
		};
		F7CB5B4927BCB78B004FD1E5 /* List */ = {
			isa = PBXGroup;
			children = (
				F7EE5A0E27BCB7D700EB62A0 /* PlayerList */,
				F7C756D727B4C35200D4204F /* PlayerListAssets */,
			);
			path = List;
			sourceTree = "<group>";
		};
		F7E9C8902745F9B1002DC16C /* Gather */ = {
			isa = PBXGroup;
			children = (
				F7F25CF427670C1E001B9986 /* ViewModels */,
				F7F25CF527670C25001B9986 /* Helpers */,
			);
			path = Gather;
			sourceTree = "<group>";
		};
		F7E9C8912745F9D0002DC16C /* Gather */ = {
			isa = PBXGroup;
			children = (
				F703EB2E274DF37000460551 /* Views */,
				F703EB31274DF39100460551 /* ViewModels */,
				F7F25CF327670BDB001B9986 /* Helpers */,
			);
			path = Gather;
			sourceTree = "<group>";
		};
		F7E9C8922745F9FA002DC16C /* Gather */ = {
			isa = PBXGroup;
			children = (
				F73147E7274CA6D5003F773E /* GatherUITests.swift */,
				F73147E9274CA91D003F773E /* GatherUITests+View.swift */,
				F7A52567275606C5006D2CBC /* GatherUITests+EndConfirmation.swift */,
				F7A5256C275750D6006D2CBC /* GatherUITests+Score.swift */,
				F7F25CFE276B1A4D001B9986 /* GatherUITests+TimerInteraction.swift */,
				F75698A92771B70200A3E0E1 /* GatherUITests+SetTime.swift */,
			);
			path = Gather;
			sourceTree = "<group>";
		};
		F7F0EC02278FD0E2000898A1 /* Views */ = {
			isa = PBXGroup;
			children = (
				F75FD85D278E933F00266527 /* HistoryView.swift */,
			);
			path = Views;
			sourceTree = "<group>";
		};
		F7F0EC03278FD0E7000898A1 /* ViewModels */ = {
			isa = PBXGroup;
			children = (
				F750D0AA2791257700B14434 /* HistoryViewModel.swift */,
				F742FFCB279A5D2200B8F5CE /* HistoryViewModel+Accessibility.swift */,
				F750D0AC2791303800B14434 /* HistoryRowDescriptable.swift */,
			);
			path = ViewModels;
			sourceTree = "<group>";
		};
		F7F0EC04278FD0F9000898A1 /* History */ = {
			isa = PBXGroup;
			children = (
				F7F0EC05278FD10E000898A1 /* HistoryViewModelTests.swift */,
				F742FFCD279A612800B8F5CE /* HistoryViewModel+AccessibilityTests.swift */,
				F7EE73A2279137A6006BCF0F /* HistoryRowDescriptableTests.swift */,
			);
			path = History;
			sourceTree = "<group>";
		};
		F7F25CF327670BDB001B9986 /* Helpers */ = {
			isa = PBXGroup;
			children = (
				F7CAFE7027B22B8700B39B22 /* GatherCoordinator.swift */,
				F7A525702757F091006D2CBC /* ScoreHandler.swift */,
				F72972B42760709200900714 /* TimerController.swift */,
				F7F25CF127670BD5001B9986 /* GatherTimeFormatter.swift */,
				F76B9F24278D2E9800078F20 /* TimeSettings.swift */,
			);
			path = Helpers;
			sourceTree = "<group>";
		};
		F7F25CF427670C1E001B9986 /* ViewModels */ = {
			isa = PBXGroup;
			children = (
				F7A5256027550CBF006D2CBC /* GatherViewModelTests.swift */,
				F703EB32274DF3AC00460551 /* GatherPlayersViewModelTests.swift */,
				F7FEF35E27590928009F60E6 /* ScoreViewModelTests.swift */,
				F7FCEA7D2761C5820058DB26 /* TimerViewModelTests.swift */,
				F7F25CFC276AF7C8001B9986 /* TimerViewModel+UIModelTests.swift */,
				F7E05536277308C000385948 /* SetTimerViewModelTests.swift */,
			);
			path = ViewModels;
			sourceTree = "<group>";
		};
		F7F25CF527670C25001B9986 /* Helpers */ = {
			isa = PBXGroup;
			children = (
				F7A5256E2757E1FD006D2CBC /* ScoreHandlerTests.swift */,
				F72972B2275F15B300900714 /* TimerControllerTests.swift */,
				F7F25CEF2766FD91001B9986 /* GatherTimeFormatterTests.swift */,
				F76B9F26278D44DD00078F20 /* TimeSettingsTests.swift */,
			);
			path = Helpers;
			sourceTree = "<group>";
		};
		F7F2A137279FA7F90094D9B0 /* Snapshots */ = {
			isa = PBXGroup;
			children = (
				F7F2A138279FA7F90094D9B0 /* Snapshots.swift */,
				F7F2A143279FA9430094D9B0 /* SnapshotHelper.swift */,
				F711B3B927A105F3008A3752 /* Info.plist */,
			);
			path = Snapshots;
			sourceTree = "<group>";
		};
		F7F50C0F27BCB860000556BC /* Details */ = {
			isa = PBXGroup;
			children = (
				F752D67E27BCCCC0000F57F2 /* PlayerDetailsAssets */,
				F7CB5B4827BCB6AD004FD1E5 /* PlayerDetails */,
			);
			path = Details;
			sourceTree = "<group>";
		};
		F7F50C1027BCB88A000556BC /* Core */ = {
			isa = PBXGroup;
			children = (
				F7986A4627BCB91A000AA9F2 /* FoundationTools */,
				F7986A4827BCB941000AA9F2 /* UITools */,
				F7986A4727BCB92E000AA9F2 /* Localizable */,
				F7986A4527BCB8F8000AA9F2 /* CoreModels */,
			);
			path = Core;
			sourceTree = "<group>";
		};
/* End PBXGroup section */

/* Begin PBXNativeTarget section */
		F756F8DE260C3D6600A36040 /* FootballGather (iOS) */ = {
			isa = PBXNativeTarget;
			buildConfigurationList = F756F909260C3D6700A36040 /* Build configuration list for PBXNativeTarget "FootballGather (iOS)" */;
			buildPhases = (
				F79BCCD627BB85D600BBB572 /* Generate Localizable strings */,
				F756F8DB260C3D6600A36040 /* Sources */,
				F756F8DC260C3D6600A36040 /* Frameworks */,
				F756F8DD260C3D6600A36040 /* Resources */,
			);
			buildRules = (
			);
			dependencies = (
			);
			name = "FootballGather (iOS)";
			packageProductDependencies = (
				F752D67A27BCBF0E000F57F2 /* PlayerDetails */,
				F752D67C27BCBF0E000F57F2 /* PlayerList */,
				F7BB973A27BE25490052F6C9 /* TeamSelection */,
			);
			productName = "Football Gather (iOS)";
			productReference = F756F8DF260C3D6600A36040 /* FootballGather.app */;
			productType = "com.apple.product-type.application";
		};
		F756F951260C40BB00A36040 /* UITests */ = {
			isa = PBXNativeTarget;
			buildConfigurationList = F756F959260C40BB00A36040 /* Build configuration list for PBXNativeTarget "UITests" */;
			buildPhases = (
				F756F94E260C40BB00A36040 /* Sources */,
				F756F94F260C40BB00A36040 /* Frameworks */,
				F756F950260C40BB00A36040 /* Resources */,
			);
			buildRules = (
			);
			dependencies = (
				F756F958260C40BB00A36040 /* PBXTargetDependency */,
			);
			name = UITests;
			packageProductDependencies = (
				F78BA6A9260C54CE00083142 /* Localizable */,
				F71648E2265F4C6C008D52FE /* FoundationTools */,
			);
			productName = "Football GatherUITests";
			productReference = F756F952260C40BB00A36040 /* UITests.xctest */;
			productType = "com.apple.product-type.bundle.ui-testing";
		};
		F795CCFA264A4F8D00D8FC3C /* FootballGatherTests */ = {
			isa = PBXNativeTarget;
			buildConfigurationList = F795CD02264A4F8D00D8FC3C /* Build configuration list for PBXNativeTarget "FootballGatherTests" */;
			buildPhases = (
				F795CCF7264A4F8D00D8FC3C /* Sources */,
				F795CCF8264A4F8D00D8FC3C /* Frameworks */,
				F795CCF9264A4F8D00D8FC3C /* Resources */,
			);
			buildRules = (
			);
			dependencies = (
				F795CD01264A4F8D00D8FC3C /* PBXTargetDependency */,
			);
			name = FootballGatherTests;
			productName = FootballGatherTests;
			productReference = F795CCFB264A4F8D00D8FC3C /* FootballGatherTests.xctest */;
			productType = "com.apple.product-type.bundle.unit-test";
		};
		F7F2A135279FA7F90094D9B0 /* Snapshots */ = {
			isa = PBXNativeTarget;
			buildConfigurationList = F7F2A140279FA7F90094D9B0 /* Build configuration list for PBXNativeTarget "Snapshots" */;
			buildPhases = (
				F7F2A132279FA7F90094D9B0 /* Sources */,
				F7F2A133279FA7F90094D9B0 /* Frameworks */,
				F7F2A134279FA7F90094D9B0 /* Resources */,
			);
			buildRules = (
			);
			dependencies = (
				F7F2A13D279FA7F90094D9B0 /* PBXTargetDependency */,
			);
			name = Snapshots;
			packageProductDependencies = (
				F76AD5E5279FBB7A00B18633 /* FoundationTools */,
				F76AD5E7279FBB7A00B18633 /* Localizable */,
			);
			productName = Snapshots;
			productReference = F7F2A136279FA7F90094D9B0 /* Snapshots.xctest */;
			productType = "com.apple.product-type.bundle.ui-testing";
		};
/* End PBXNativeTarget section */

/* Begin PBXProject section */
		F756F8D3260C3D6600A36040 /* Project object */ = {
			isa = PBXProject;
			attributes = {
				LastSwiftUpdateCheck = 1320;
				LastUpgradeCheck = 1320;
				TargetAttributes = {
					F756F8DE260C3D6600A36040 = {
						CreatedOnToolsVersion = 12.4;
					};
					F756F951260C40BB00A36040 = {
						CreatedOnToolsVersion = 12.4;
						TestTargetID = F756F8DE260C3D6600A36040;
					};
					F795CCFA264A4F8D00D8FC3C = {
						CreatedOnToolsVersion = 12.5;
						TestTargetID = F756F8DE260C3D6600A36040;
					};
					F7F2A135279FA7F90094D9B0 = {
						CreatedOnToolsVersion = 13.2.1;
						TestTargetID = F756F8DE260C3D6600A36040;
					};
				};
			};
			buildConfigurationList = F756F8D6260C3D6600A36040 /* Build configuration list for PBXProject "FootballGather" */;
			compatibilityVersion = "Xcode 9.3";
			developmentRegion = en;
			hasScannedForEncodings = 0;
			knownRegions = (
				en,
				Base,
			);
			mainGroup = F756F8D2260C3D6600A36040;
			productRefGroup = F756F8E0260C3D6600A36040 /* Products */;
			projectDirPath = "";
			projectRoot = "";
			targets = (
				F756F8DE260C3D6600A36040 /* FootballGather (iOS) */,
				F795CCFA264A4F8D00D8FC3C /* FootballGatherTests */,
				F756F951260C40BB00A36040 /* UITests */,
				F7F2A135279FA7F90094D9B0 /* Snapshots */,
			);
		};
/* End PBXProject section */

/* Begin PBXResourcesBuildPhase section */
		F756F8DD260C3D6600A36040 /* Resources */ = {
			isa = PBXResourcesBuildPhase;
			buildActionMask = 2147483647;
			files = (
				F756F905260C3D6700A36040 /* Assets.xcassets in Resources */,
			);
			runOnlyForDeploymentPostprocessing = 0;
		};
		F756F950260C40BB00A36040 /* Resources */ = {
			isa = PBXResourcesBuildPhase;
			buildActionMask = 2147483647;
			files = (
			);
			runOnlyForDeploymentPostprocessing = 0;
		};
		F795CCF9264A4F8D00D8FC3C /* Resources */ = {
			isa = PBXResourcesBuildPhase;
			buildActionMask = 2147483647;
			files = (
			);
			runOnlyForDeploymentPostprocessing = 0;
		};
		F7F2A134279FA7F90094D9B0 /* Resources */ = {
			isa = PBXResourcesBuildPhase;
			buildActionMask = 2147483647;
			files = (
			);
			runOnlyForDeploymentPostprocessing = 0;
		};
/* End PBXResourcesBuildPhase section */

/* Begin PBXShellScriptBuildPhase section */
		F79BCCD627BB85D600BBB572 /* Generate Localizable strings */ = {
			isa = PBXShellScriptBuildPhase;
			buildActionMask = 2147483647;
			files = (
			);
			inputFileListPaths = (
			);
			inputPaths = (
				"$(SRCROOT)/Packages/Core/Localizable/Sources/Localizable/en.lproj/Localizable.strings",
				"$(SRCROOT)/Packages/Core/Localizable/Sources/Localizable/Strings.swift",
				"$(SRCROOT)/Packages/List/PlayerListAssets/Sources/PlayerListAssets/en.lproj/Localizable.strings",
				"$(SRCROOT)/Packages/List/PlayerListAssets/Sources/PlayerListAssets/Strings.swift",
				"$(SRCROOT)/Packages/Details/PlayerDetailsAssets/Sources/PlayerDetailsAssets/en.lproj/Localizable.strings",
				"$(SRCROOT)/Packages/Details/PlayerDetailsAssets/Sources/PlayerDetailsAssets/Strings.swift",
			);
			name = "Generate Localizable strings";
			outputFileListPaths = (
			);
			outputPaths = (
			);
			runOnlyForDeploymentPostprocessing = 0;
			shellPath = /bin/sh;
			shellScript = "#!/bin/sh\nset -Eeuo pipefail\n\ngenerate_strings() {\n  rows=()\n\n  while IFS='=' read -r key value\n  do\n    if [[ $key == \\\"* ]]; then\n      key_without_quotes=$(echo $key | tr -d '\"')\n      key_with_spaces=$(echo $key_without_quotes | sed -r 's/\\./ /g' | awk '{for (i=1;i<=NF;i++) $i=toupper(substr($i,1,1)) substr($i,2)} 1' | sed -r 's/ //g')\n      key_camel_cased=$(echo \"$key_with_spaces\" | awk '{ print tolower(substr($0,1,1)) substr($0,2); }')\n\n      rows+=(\"public static let $key_camel_cased = NSLocalizedString(\\\"$key_without_quotes\\\", bundle: .module, comment: \\\"\\\")\")\n    fi\n  done < $1\n\n  > $2\n  echo \"import Foundation\\n\\npublic enum LocalizedString {\" >> $2\n  printf \"\\t%s\\n\" \"${rows[@]-}\" >> $2\n  echo \"}\" >> $2\n}\n\ngenerate_strings $SCRIPT_INPUT_FILE_0 $SCRIPT_INPUT_FILE_1\ngenerate_strings $SCRIPT_INPUT_FILE_2 $SCRIPT_INPUT_FILE_3\ngenerate_strings $SCRIPT_INPUT_FILE_4 $SCRIPT_INPUT_FILE_5\n";
		};
/* End PBXShellScriptBuildPhase section */

/* Begin PBXSourcesBuildPhase section */
		F756F8DB260C3D6600A36040 /* Sources */ = {
			isa = PBXSourcesBuildPhase;
			buildActionMask = 2147483647;
			files = (
				F72972B62760709400900714 /* TimerController.swift in Sources */,
				F777316827B0CA660067B3F8 /* MainTabView.swift in Sources */,
				F777317427B0DF430067B3F8 /* AddPlayerContainerView.swift in Sources */,
				F7A5256B275620BC006D2CBC /* GatherEndView.swift in Sources */,
				F75FD85F278E934300266527 /* HistoryView.swift in Sources */,
				F703EB30274DF38800460551 /* GatherView.swift in Sources */,
				F73171CB2763819600BC2CCC /* TimerViewModel.swift in Sources */,
				F7A5256427551931006D2CBC /* ScoreView.swift in Sources */,
				F750D0AD2791303800B14434 /* HistoryRowDescriptable.swift in Sources */,
				F7FEF36127591951009F60E6 /* ScoreViewModel.swift in Sources */,
				F777317A27B0E1D60067B3F8 /* HistoryTabView.swift in Sources */,
				F7CAFE7127B22B8700B39B22 /* GatherCoordinator.swift in Sources */,
				F756F901260C3D6700A36040 /* FootballGatherApp.swift in Sources */,
				F7B1FB6127951C8500A31659 /* MainView.swift in Sources */,
				F75AFA51265368FB002D1CE8 /* TestApp.swift in Sources */,
				F7A5255D27550AFF006D2CBC /* GatherViewModel.swift in Sources */,
				F7F25CFB276AF750001B9986 /* TimerViewModel+UIModel.swift in Sources */,
				F777317627B0DFD70067B3F8 /* PlayerDetailsContainerView.swift in Sources */,
				F7E0553A27730EA300385948 /* SetTimerViewModel.swift in Sources */,
				F742FFCC279A5D2200B8F5CE /* HistoryViewModel+Accessibility.swift in Sources */,
				F777316A27B0CC1C0067B3F8 /* MainTabViewProvider.swift in Sources */,
				F72972B9276074FD00900714 /* TimerView.swift in Sources */,
				F750D0AB2791257700B14434 /* HistoryViewModel.swift in Sources */,
				F7A5255F27550B37006D2CBC /* GatherPlayersView.swift in Sources */,
				F76B9F25278D2E9800078F20 /* TimeSettings.swift in Sources */,
				F777316E27B0DCF70067B3F8 /* PlayersTabView.swift in Sources */,
				F75AFA4D265368B6002D1CE8 /* AppLauncher.swift in Sources */,
				F7A525712757F091006D2CBC /* ScoreHandler.swift in Sources */,
				F703EB35274DF4E800460551 /* GatherPlayersViewModel.swift in Sources */,
				F7CAFE6D27B21F0900B39B22 /* ConfirmPlayersContainerView.swift in Sources */,
				F7F25CF227670BD6001B9986 /* GatherTimeFormatter.swift in Sources */,
				F7B4A3B4276CDBE100079203 /* SetTimerView.swift in Sources */,
			);
			runOnlyForDeploymentPostprocessing = 0;
		};
		F756F94E260C40BB00A36040 /* Sources */ = {
			isa = PBXSourcesBuildPhase;
			buildActionMask = 2147483647;
			files = (
				F73147EF274CABC6003F773E /* PlayerMover.swift in Sources */,
				F7944F97272152B3002DAF6D /* ConfirmPlayersUITests.swift in Sources */,
				F73147EA274CA91D003F773E /* GatherUITests+View.swift in Sources */,
				F7C47303275A740B007D19F2 /* ScoreViewAsserter.swift in Sources */,
				F72D321A2717F68D0001CD6F /* PlayerDetailsSelection.swift in Sources */,
				F73147E8274CA6D5003F773E /* GatherUITests.swift in Sources */,
				F73E058627435EC2003E5F4F /* ConfirmPlayersUITests+View.swift in Sources */,
				F71D37B227002A94002DC14E /* AddPlayerUITests+DiscardConfirmation.swift in Sources */,
				F72D321E2718343F0001CD6F /* EditPlayerUITests+Skill.swift in Sources */,
				F71F5CCB271855D500C31944 /* EditPlayerUITests+Save.swift in Sources */,
				F72D321127171E360001CD6F /* PlayerDetailsUITests.swift in Sources */,
				F75AFA6426537C62002D1CE8 /* PlayerListUITests.swift in Sources */,
				F72D32132717D7CF0001CD6F /* EditPlayerUITests+Position.swift in Sources */,
				F72D3220271842410001CD6F /* EditPlayerUITests+Name.swift in Sources */,
				F7A52568275606C5006D2CBC /* GatherUITests+EndConfirmation.swift in Sources */,
				F7A525662755FC51006D2CBC /* TeamsTableAsserter.swift in Sources */,
				F73E058827435F2B003E5F4F /* ConfirmPlayersUITests+Move.swift in Sources */,
				F72D321C271833D20001CD6F /* EditPlayerUITests.swift in Sources */,
				F7C47305275A7443007D19F2 /* ScoreHandlerAsserter.swift in Sources */,
				F75FD85B278E8D0700266527 /* HistoryViewUITests.swift in Sources */,
				F75AFA6126537BB4002D1CE8 /* XCUIElement+Extensions.swift in Sources */,
				F7F25CFF276B1A4D001B9986 /* GatherUITests+TimerInteraction.swift in Sources */,
				F7223BC2274239C100446224 /* PlayersFinder.swift in Sources */,
				F75AFA5E26537B79002D1CE8 /* UITestCase.swift in Sources */,
				F73147ED274CA98F003F773E /* AppNavigator.swift in Sources */,
				F7A5256D275750D6006D2CBC /* GatherUITests+Score.swift in Sources */,
				F71D37B027001D46002DC14E /* AddPlayerUITests+Validation.swift in Sources */,
				F798950226DC987200898B24 /* PlayerSelectionUITests.swift in Sources */,
				F75698AA2771B70200A3E0E1 /* GatherUITests+SetTime.swift in Sources */,
				F7427D7926E7155B00474D18 /* AddPlayerUITests.swift in Sources */,
			);
			runOnlyForDeploymentPostprocessing = 0;
		};
		F795CCF7264A4F8D00D8FC3C /* Sources */ = {
			isa = PBXSourcesBuildPhase;
			buildActionMask = 2147483647;
			files = (
				F7B29352265F474B00E76DF0 /* DemoModelsTests.swift in Sources */,
				F74DCA5D27B3694800217FDB /* GatherCoordinatorTests.swift in Sources */,
				F7FCEA7E2761C5820058DB26 /* TimerViewModelTests.swift in Sources */,
				F75AFA58265369E2002D1CE8 /* TestAppTests.swift in Sources */,
				F7F0EC06278FD10E000898A1 /* HistoryViewModelTests.swift in Sources */,
				F7F25CFD276AF7C8001B9986 /* TimerViewModel+UIModelTests.swift in Sources */,
				F7EE73A3279137A6006BCF0F /* HistoryRowDescriptableTests.swift in Sources */,
				F7FEF35F27590928009F60E6 /* ScoreViewModelTests.swift in Sources */,
				F7F25CF02766FD91001B9986 /* GatherTimeFormatterTests.swift in Sources */,
				F76B9F27278D44DD00078F20 /* TimeSettingsTests.swift in Sources */,
				F7E05537277308C000385948 /* SetTimerViewModelTests.swift in Sources */,
				F742FFCE279A612800B8F5CE /* HistoryViewModel+AccessibilityTests.swift in Sources */,
				F703EB33274DF3AC00460551 /* GatherPlayersViewModelTests.swift in Sources */,
				F75AFA5C26537318002D1CE8 /* AppLauncherTests.swift in Sources */,
				F7B29350265F44E400E76DF0 /* Mocks.swift in Sources */,
				F7A5256F2757E1FD006D2CBC /* ScoreHandlerTests.swift in Sources */,
				F72972B3275F15B300900714 /* TimerControllerTests.swift in Sources */,
				F7A5256127550CBF006D2CBC /* GatherViewModelTests.swift in Sources */,
			);
			runOnlyForDeploymentPostprocessing = 0;
		};
		F7F2A132279FA7F90094D9B0 /* Sources */ = {
			isa = PBXSourcesBuildPhase;
			buildActionMask = 2147483647;
			files = (
				F7F2A139279FA7F90094D9B0 /* Snapshots.swift in Sources */,
				F7F2A144279FA9430094D9B0 /* SnapshotHelper.swift in Sources */,
			);
			runOnlyForDeploymentPostprocessing = 0;
		};
/* End PBXSourcesBuildPhase section */

/* Begin PBXTargetDependency section */
		F756F958260C40BB00A36040 /* PBXTargetDependency */ = {
			isa = PBXTargetDependency;
			target = F756F8DE260C3D6600A36040 /* FootballGather (iOS) */;
			targetProxy = F756F957260C40BB00A36040 /* PBXContainerItemProxy */;
		};
		F795CD01264A4F8D00D8FC3C /* PBXTargetDependency */ = {
			isa = PBXTargetDependency;
			target = F756F8DE260C3D6600A36040 /* FootballGather (iOS) */;
			targetProxy = F795CD00264A4F8D00D8FC3C /* PBXContainerItemProxy */;
		};
		F7F2A13D279FA7F90094D9B0 /* PBXTargetDependency */ = {
			isa = PBXTargetDependency;
			target = F756F8DE260C3D6600A36040 /* FootballGather (iOS) */;
			targetProxy = F7F2A13C279FA7F90094D9B0 /* PBXContainerItemProxy */;
		};
/* End PBXTargetDependency section */

/* Begin XCBuildConfiguration section */
		F756F907260C3D6700A36040 /* Debug */ = {
			isa = XCBuildConfiguration;
			buildSettings = {
				ALWAYS_SEARCH_USER_PATHS = NO;
				BUNDLE_LOADER = "";
				CLANG_ANALYZER_NONNULL = YES;
				CLANG_ANALYZER_NUMBER_OBJECT_CONVERSION = YES_AGGRESSIVE;
				CLANG_CXX_LANGUAGE_STANDARD = "gnu++14";
				CLANG_CXX_LIBRARY = "libc++";
				CLANG_ENABLE_MODULES = YES;
				CLANG_ENABLE_OBJC_ARC = YES;
				CLANG_ENABLE_OBJC_WEAK = YES;
				CLANG_WARN_BLOCK_CAPTURE_AUTORELEASING = YES;
				CLANG_WARN_BOOL_CONVERSION = YES;
				CLANG_WARN_COMMA = YES;
				CLANG_WARN_CONSTANT_CONVERSION = YES;
				CLANG_WARN_DEPRECATED_OBJC_IMPLEMENTATIONS = YES;
				CLANG_WARN_DIRECT_OBJC_ISA_USAGE = YES_ERROR;
				CLANG_WARN_DOCUMENTATION_COMMENTS = YES;
				CLANG_WARN_EMPTY_BODY = YES;
				CLANG_WARN_ENUM_CONVERSION = YES;
				CLANG_WARN_INFINITE_RECURSION = YES;
				CLANG_WARN_INT_CONVERSION = YES;
				CLANG_WARN_NON_LITERAL_NULL_CONVERSION = YES;
				CLANG_WARN_OBJC_IMPLICIT_RETAIN_SELF = YES;
				CLANG_WARN_OBJC_LITERAL_CONVERSION = YES;
				CLANG_WARN_OBJC_ROOT_CLASS = YES_ERROR;
				CLANG_WARN_QUOTED_INCLUDE_IN_FRAMEWORK_HEADER = YES;
				CLANG_WARN_RANGE_LOOP_ANALYSIS = YES;
				CLANG_WARN_STRICT_PROTOTYPES = YES;
				CLANG_WARN_SUSPICIOUS_MOVE = YES;
				CLANG_WARN_UNGUARDED_AVAILABILITY = YES_AGGRESSIVE;
				CLANG_WARN_UNREACHABLE_CODE = YES;
				CLANG_WARN__DUPLICATE_METHOD_MATCH = YES;
				COPY_PHASE_STRIP = NO;
				DEBUG_INFORMATION_FORMAT = dwarf;
				ENABLE_STRICT_OBJC_MSGSEND = YES;
				ENABLE_TESTABILITY = YES;
				GCC_C_LANGUAGE_STANDARD = gnu11;
				GCC_DYNAMIC_NO_PIC = NO;
				GCC_NO_COMMON_BLOCKS = YES;
				GCC_OPTIMIZATION_LEVEL = 0;
				GCC_PREPROCESSOR_DEFINITIONS = (
					"DEBUG=1",
					"$(inherited)",
				);
				GCC_WARN_64_TO_32_BIT_CONVERSION = YES;
				GCC_WARN_ABOUT_RETURN_TYPE = YES_ERROR;
				GCC_WARN_UNDECLARED_SELECTOR = YES;
				GCC_WARN_UNINITIALIZED_AUTOS = YES_AGGRESSIVE;
				GCC_WARN_UNUSED_FUNCTION = YES;
				GCC_WARN_UNUSED_VARIABLE = YES;
				IPHONEOS_DEPLOYMENT_TARGET = 15.0;
				MTL_ENABLE_DEBUG_INFO = INCLUDE_SOURCE;
				MTL_FAST_MATH = YES;
				ONLY_ACTIVE_ARCH = YES;
				SWIFT_ACTIVE_COMPILATION_CONDITIONS = DEBUG;
				SWIFT_OPTIMIZATION_LEVEL = "-Onone";
			};
			name = Debug;
		};
		F756F908260C3D6700A36040 /* Release */ = {
			isa = XCBuildConfiguration;
			buildSettings = {
				ALWAYS_SEARCH_USER_PATHS = NO;
				BUNDLE_LOADER = "";
				CLANG_ANALYZER_NONNULL = YES;
				CLANG_ANALYZER_NUMBER_OBJECT_CONVERSION = YES_AGGRESSIVE;
				CLANG_CXX_LANGUAGE_STANDARD = "gnu++14";
				CLANG_CXX_LIBRARY = "libc++";
				CLANG_ENABLE_MODULES = YES;
				CLANG_ENABLE_OBJC_ARC = YES;
				CLANG_ENABLE_OBJC_WEAK = YES;
				CLANG_WARN_BLOCK_CAPTURE_AUTORELEASING = YES;
				CLANG_WARN_BOOL_CONVERSION = YES;
				CLANG_WARN_COMMA = YES;
				CLANG_WARN_CONSTANT_CONVERSION = YES;
				CLANG_WARN_DEPRECATED_OBJC_IMPLEMENTATIONS = YES;
				CLANG_WARN_DIRECT_OBJC_ISA_USAGE = YES_ERROR;
				CLANG_WARN_DOCUMENTATION_COMMENTS = YES;
				CLANG_WARN_EMPTY_BODY = YES;
				CLANG_WARN_ENUM_CONVERSION = YES;
				CLANG_WARN_INFINITE_RECURSION = YES;
				CLANG_WARN_INT_CONVERSION = YES;
				CLANG_WARN_NON_LITERAL_NULL_CONVERSION = YES;
				CLANG_WARN_OBJC_IMPLICIT_RETAIN_SELF = YES;
				CLANG_WARN_OBJC_LITERAL_CONVERSION = YES;
				CLANG_WARN_OBJC_ROOT_CLASS = YES_ERROR;
				CLANG_WARN_QUOTED_INCLUDE_IN_FRAMEWORK_HEADER = YES;
				CLANG_WARN_RANGE_LOOP_ANALYSIS = YES;
				CLANG_WARN_STRICT_PROTOTYPES = YES;
				CLANG_WARN_SUSPICIOUS_MOVE = YES;
				CLANG_WARN_UNGUARDED_AVAILABILITY = YES_AGGRESSIVE;
				CLANG_WARN_UNREACHABLE_CODE = YES;
				CLANG_WARN__DUPLICATE_METHOD_MATCH = YES;
				COPY_PHASE_STRIP = NO;
				DEBUG_INFORMATION_FORMAT = "dwarf-with-dsym";
				ENABLE_NS_ASSERTIONS = NO;
				ENABLE_STRICT_OBJC_MSGSEND = YES;
				GCC_C_LANGUAGE_STANDARD = gnu11;
				GCC_NO_COMMON_BLOCKS = YES;
				GCC_WARN_64_TO_32_BIT_CONVERSION = YES;
				GCC_WARN_ABOUT_RETURN_TYPE = YES_ERROR;
				GCC_WARN_UNDECLARED_SELECTOR = YES;
				GCC_WARN_UNINITIALIZED_AUTOS = YES_AGGRESSIVE;
				GCC_WARN_UNUSED_FUNCTION = YES;
				GCC_WARN_UNUSED_VARIABLE = YES;
				IPHONEOS_DEPLOYMENT_TARGET = 15.0;
				MTL_ENABLE_DEBUG_INFO = NO;
				MTL_FAST_MATH = YES;
				SWIFT_COMPILATION_MODE = wholemodule;
				SWIFT_OPTIMIZATION_LEVEL = "-O";
			};
			name = Release;
		};
		F756F90A260C3D6700A36040 /* Debug */ = {
			isa = XCBuildConfiguration;
			buildSettings = {
				ASSETCATALOG_COMPILER_APPICON_NAME = AppIcon;
				ASSETCATALOG_COMPILER_GLOBAL_ACCENT_COLOR_NAME = AccentColor;
				BUNDLE_LOADER = "";
				CODE_SIGN_IDENTITY = "iPhone Developer";
				CODE_SIGN_STYLE = Manual;
				CURRENT_PROJECT_VERSION = 6;
				DEVELOPMENT_TEAM = 42L6GB6DU6;
				ENABLE_PREVIEWS = YES;
				INFOPLIST_FILE = "Supporting files/Info.plist";
				IPHONEOS_DEPLOYMENT_TARGET = 15.0;
				LD_RUNPATH_SEARCH_PATHS = (
					"$(inherited)",
					"@executable_path/Frameworks",
				);
				MARKETING_VERSION = 1.0.0;
				PRODUCT_BUNDLE_IDENTIFIER = com.rdan.fg;
				PRODUCT_NAME = FootballGather;
				PROVISIONING_PROFILE_SPECIFIER = "match Development com.rdan.fg";
				SDKROOT = iphoneos;
				SWIFT_VERSION = 5.0;
				TARGETED_DEVICE_FAMILY = "1,2";
			};
			name = Debug;
		};
		F756F90B260C3D6700A36040 /* Release */ = {
			isa = XCBuildConfiguration;
			buildSettings = {
				ASSETCATALOG_COMPILER_APPICON_NAME = AppIcon;
				ASSETCATALOG_COMPILER_GLOBAL_ACCENT_COLOR_NAME = AccentColor;
				CODE_SIGN_IDENTITY = "iPhone Distribution";
				CODE_SIGN_STYLE = Manual;
				CURRENT_PROJECT_VERSION = 6;
				DEVELOPMENT_TEAM = 42L6GB6DU6;
				ENABLE_PREVIEWS = YES;
				INFOPLIST_FILE = "Supporting files/Info.plist";
				IPHONEOS_DEPLOYMENT_TARGET = 15.0;
				LD_RUNPATH_SEARCH_PATHS = (
					"$(inherited)",
					"@executable_path/Frameworks",
				);
				MARKETING_VERSION = 1.0.0;
				ONLY_ACTIVE_ARCH = NO;
				PRODUCT_BUNDLE_IDENTIFIER = com.rdan.fg;
				PRODUCT_NAME = FootballGather;
				PROVISIONING_PROFILE_SPECIFIER = "match AppStore com.rdan.fg";
				SDKROOT = iphoneos;
				SWIFT_COMPILATION_MODE = wholemodule;
				SWIFT_VERSION = 5.0;
				TARGETED_DEVICE_FAMILY = "1,2";
				VALIDATE_PRODUCT = YES;
			};
			name = Release;
		};
		F756F95A260C40BB00A36040 /* Debug */ = {
			isa = XCBuildConfiguration;
			buildSettings = {
				CODE_SIGN_STYLE = Automatic;
				DEVELOPMENT_TEAM = 42L6GB6DU6;
				INFOPLIST_FILE = UITests/Info.plist;
				IPHONEOS_DEPLOYMENT_TARGET = 15.0;
				LD_RUNPATH_SEARCH_PATHS = (
					"$(inherited)",
					"@executable_path/Frameworks",
					"@loader_path/Frameworks",
				);
				PRODUCT_BUNDLE_IDENTIFIER = "com.rdan.Football-GatherUITests";
				PRODUCT_NAME = "$(TARGET_NAME)";
				PROVISIONING_PROFILE = "";
				SDKROOT = iphoneos;
				SWIFT_VERSION = 5.0;
				TARGETED_DEVICE_FAMILY = "1,2";
				TEST_TARGET_NAME = "FootballGather (iOS)";
			};
			name = Debug;
		};
		F756F95B260C40BB00A36040 /* Release */ = {
			isa = XCBuildConfiguration;
			buildSettings = {
				CODE_SIGN_STYLE = Automatic;
				DEVELOPMENT_TEAM = 42L6GB6DU6;
				INFOPLIST_FILE = UITests/Info.plist;
				IPHONEOS_DEPLOYMENT_TARGET = 15.0;
				LD_RUNPATH_SEARCH_PATHS = (
					"$(inherited)",
					"@executable_path/Frameworks",
					"@loader_path/Frameworks",
				);
				PRODUCT_BUNDLE_IDENTIFIER = "com.rdan.Football-GatherUITests";
				PRODUCT_NAME = "$(TARGET_NAME)";
				PROVISIONING_PROFILE = "";
				SDKROOT = iphoneos;
				SWIFT_VERSION = 5.0;
				TARGETED_DEVICE_FAMILY = "1,2";
				TEST_TARGET_NAME = "FootballGather (iOS)";
				VALIDATE_PRODUCT = YES;
			};
			name = Release;
		};
		F795CD03264A4F8D00D8FC3C /* Debug */ = {
			isa = XCBuildConfiguration;
			buildSettings = {
				BUNDLE_LOADER = "$(TEST_HOST)";
				CODE_SIGN_STYLE = Automatic;
				DEVELOPMENT_TEAM = 42L6GB6DU6;
				INFOPLIST_FILE = FootballGatherTests/Info.plist;
				IPHONEOS_DEPLOYMENT_TARGET = 15.0;
				LD_RUNPATH_SEARCH_PATHS = (
					"$(inherited)",
					"@executable_path/Frameworks",
					"@loader_path/Frameworks",
				);
				PRODUCT_BUNDLE_IDENTIFIER = com.rdan.FootballGatherTests;
				PRODUCT_NAME = "$(TARGET_NAME)";
				SDKROOT = iphoneos;
				SWIFT_VERSION = 5.0;
				TARGETED_DEVICE_FAMILY = "1,2";
				TEST_HOST = "$(BUILT_PRODUCTS_DIR)/FootballGather.app/FootballGather";
			};
			name = Debug;
		};
		F795CD04264A4F8D00D8FC3C /* Release */ = {
			isa = XCBuildConfiguration;
			buildSettings = {
				BUNDLE_LOADER = "$(TEST_HOST)";
				CODE_SIGN_STYLE = Automatic;
				DEVELOPMENT_TEAM = 42L6GB6DU6;
				INFOPLIST_FILE = FootballGatherTests/Info.plist;
				IPHONEOS_DEPLOYMENT_TARGET = 15.0;
				LD_RUNPATH_SEARCH_PATHS = (
					"$(inherited)",
					"@executable_path/Frameworks",
					"@loader_path/Frameworks",
				);
				PRODUCT_BUNDLE_IDENTIFIER = com.rdan.FootballGatherTests;
				PRODUCT_NAME = "$(TARGET_NAME)";
				SDKROOT = iphoneos;
				SWIFT_VERSION = 5.0;
				TARGETED_DEVICE_FAMILY = "1,2";
				TEST_HOST = "$(BUILT_PRODUCTS_DIR)/FootballGather.app/FootballGather";
				VALIDATE_PRODUCT = YES;
			};
			name = Release;
		};
		F7F2A13E279FA7F90094D9B0 /* Debug */ = {
			isa = XCBuildConfiguration;
			buildSettings = {
				CLANG_CXX_LANGUAGE_STANDARD = "gnu++17";
				CODE_SIGN_STYLE = Automatic;
				CURRENT_PROJECT_VERSION = 6;
				DEVELOPMENT_TEAM = 42L6GB6DU6;
				GENERATE_INFOPLIST_FILE = NO;
				INFOPLIST_FILE = Snapshots/Info.plist;
				IPHONEOS_DEPLOYMENT_TARGET = 15.0;
				MARKETING_VERSION = 1.0;
				PRODUCT_BUNDLE_IDENTIFIER = com.rdan.Snapshots;
				PRODUCT_NAME = "$(TARGET_NAME)";
				SDKROOT = iphoneos;
				SWIFT_EMIT_LOC_STRINGS = NO;
				SWIFT_VERSION = 5.0;
				TARGETED_DEVICE_FAMILY = "1,2";
				TEST_TARGET_NAME = "FootballGather (iOS)";
			};
			name = Debug;
		};
		F7F2A13F279FA7F90094D9B0 /* Release */ = {
			isa = XCBuildConfiguration;
			buildSettings = {
				CLANG_CXX_LANGUAGE_STANDARD = "gnu++17";
				CODE_SIGN_STYLE = Automatic;
				CURRENT_PROJECT_VERSION = 6;
				DEVELOPMENT_TEAM = 42L6GB6DU6;
				GENERATE_INFOPLIST_FILE = NO;
				INFOPLIST_FILE = Snapshots/Info.plist;
				IPHONEOS_DEPLOYMENT_TARGET = 15.0;
				MARKETING_VERSION = 1.0;
				PRODUCT_BUNDLE_IDENTIFIER = com.rdan.Snapshots;
				PRODUCT_NAME = "$(TARGET_NAME)";
				SDKROOT = iphoneos;
				SWIFT_EMIT_LOC_STRINGS = NO;
				SWIFT_VERSION = 5.0;
				TARGETED_DEVICE_FAMILY = "1,2";
				TEST_TARGET_NAME = "FootballGather (iOS)";
				VALIDATE_PRODUCT = YES;
			};
			name = Release;
		};
/* End XCBuildConfiguration section */

/* Begin XCConfigurationList section */
		F756F8D6260C3D6600A36040 /* Build configuration list for PBXProject "FootballGather" */ = {
			isa = XCConfigurationList;
			buildConfigurations = (
				F756F907260C3D6700A36040 /* Debug */,
				F756F908260C3D6700A36040 /* Release */,
			);
			defaultConfigurationIsVisible = 0;
			defaultConfigurationName = Release;
		};
		F756F909260C3D6700A36040 /* Build configuration list for PBXNativeTarget "FootballGather (iOS)" */ = {
			isa = XCConfigurationList;
			buildConfigurations = (
				F756F90A260C3D6700A36040 /* Debug */,
				F756F90B260C3D6700A36040 /* Release */,
			);
			defaultConfigurationIsVisible = 0;
			defaultConfigurationName = Release;
		};
		F756F959260C40BB00A36040 /* Build configuration list for PBXNativeTarget "UITests" */ = {
			isa = XCConfigurationList;
			buildConfigurations = (
				F756F95A260C40BB00A36040 /* Debug */,
				F756F95B260C40BB00A36040 /* Release */,
			);
			defaultConfigurationIsVisible = 0;
			defaultConfigurationName = Release;
		};
		F795CD02264A4F8D00D8FC3C /* Build configuration list for PBXNativeTarget "FootballGatherTests" */ = {
			isa = XCConfigurationList;
			buildConfigurations = (
				F795CD03264A4F8D00D8FC3C /* Debug */,
				F795CD04264A4F8D00D8FC3C /* Release */,
			);
			defaultConfigurationIsVisible = 0;
			defaultConfigurationName = Release;
		};
		F7F2A140279FA7F90094D9B0 /* Build configuration list for PBXNativeTarget "Snapshots" */ = {
			isa = XCConfigurationList;
			buildConfigurations = (
				F7F2A13E279FA7F90094D9B0 /* Debug */,
				F7F2A13F279FA7F90094D9B0 /* Release */,
			);
			defaultConfigurationIsVisible = 0;
			defaultConfigurationName = Release;
		};
/* End XCConfigurationList section */

/* Begin XCSwiftPackageProductDependency section */
		F71648E2265F4C6C008D52FE /* FoundationTools */ = {
			isa = XCSwiftPackageProductDependency;
			productName = FoundationTools;
		};
		F752D67A27BCBF0E000F57F2 /* PlayerDetails */ = {
			isa = XCSwiftPackageProductDependency;
			productName = PlayerDetails;
		};
		F752D67C27BCBF0E000F57F2 /* PlayerList */ = {
			isa = XCSwiftPackageProductDependency;
			productName = PlayerList;
		};
		F76AD5E5279FBB7A00B18633 /* FoundationTools */ = {
			isa = XCSwiftPackageProductDependency;
			productName = FoundationTools;
		};
		F76AD5E7279FBB7A00B18633 /* Localizable */ = {
			isa = XCSwiftPackageProductDependency;
			productName = Localizable;
		};
		F78BA6A9260C54CE00083142 /* Localizable */ = {
			isa = XCSwiftPackageProductDependency;
			productName = Localizable;
		};
		F7BB973A27BE25490052F6C9 /* TeamSelection */ = {
			isa = XCSwiftPackageProductDependency;
			productName = TeamSelection;
		};
/* End XCSwiftPackageProductDependency section */
	};
	rootObject = F756F8D3260C3D6600A36040 /* Project object */;
}
