<?xml version="1.0" encoding="UTF-8"?>
<Scheme
   LastUpgradeVersion = "2630"
   version = "1.3">
   <BuildAction
      parallelizeBuildables = "YES"
      buildImplicitDependencies = "YES">
      <BuildActionEntries>
         <BuildActionEntry
            buildForTesting = "YES"
            buildForRunning = "YES"
            buildForProfiling = "YES"
            buildForArchiving = "YES"
            buildForAnalyzing = "YES">
            <BuildableReference
               BuildableIdentifier = "primary"
               BlueprintIdentifier = "Home"
               BuildableName = "Home"
               BlueprintName = "Home"
               ReferencedContainer = "container:">
            </BuildableReference>
         </BuildActionEntry>
         <BuildActionEntry
            buildForTesting = "YES"
            buildForRunning = "NO"
            buildForProfiling = "NO"
            buildForArchiving = "NO"
            buildForAnalyzing = "NO">
            <BuildableReference
               BuildableIdentifier = "primary"
               BlueprintIdentifier = "CoreModelsTests"
               BuildableName = "CoreModelsTests"
               BlueprintName = "CoreModelsTests"
               ReferencedContainer = "container:../../../Core/CoreModels">
            </BuildableReference>
         </BuildActionEntry>
         <BuildActionEntry
            buildForTesting = "YES"
            buildForRunning = "NO"
            buildForProfiling = "NO"
            buildForArchiving = "NO"
            buildForAnalyzing = "NO">
            <BuildableReference
               BuildableIdentifier = "primary"
               BlueprintIdentifier = "FoundationToolsTests"
               BuildableName = "FoundationToolsTests"
               BlueprintName = "FoundationToolsTests"
               ReferencedContainer = "container:../../../Core/FoundationTools">
            </BuildableReference>
         </BuildActionEntry>
         <BuildActionEntry
            buildForTesting = "YES"
            buildForRunning = "NO"
            buildForProfiling = "NO"
            buildForArchiving = "NO"
            buildForAnalyzing = "NO">
            <BuildableReference
               BuildableIdentifier = "primary"
               BlueprintIdentifier = "FoundationToolsIntegrationTests"
               BuildableName = "FoundationToolsIntegrationTests"
               BlueprintName = "FoundationToolsIntegrationTests"
               ReferencedContainer = "container:../../../Core/FoundationTools">
            </BuildableReference>
         </BuildActionEntry>
         <BuildActionEntry
            buildForTesting = "YES"
            buildForRunning = "NO"
            buildForProfiling = "NO"
            buildForArchiving = "NO"
            buildForAnalyzing = "NO">
            <BuildableReference
               BuildableIdentifier = "primary"
               BlueprintIdentifier = "UIToolsTests"
               BuildableName = "UIToolsTests"
               BlueprintName = "UIToolsTests"
               ReferencedContainer = "container:../../../Core/UITools">
            </BuildableReference>
         </BuildActionEntry>
         <BuildActionEntry
            buildForTesting = "YES"
            buildForRunning = "NO"
            buildForProfiling = "NO"
            buildForArchiving = "NO"
            buildForAnalyzing = "NO">
            <BuildableReference
               BuildableIdentifier = "primary"
               BlueprintIdentifier = "PlayerListAssetsTests"
               BuildableName = "PlayerListAssetsTests"
               BlueprintName = "PlayerListAssetsTests"
               ReferencedContainer = "container:../../List/PlayerListAssets">
            </BuildableReference>
         </BuildActionEntry>
         <BuildActionEntry
            buildForTesting = "YES"
            buildForRunning = "NO"
            buildForProfiling = "NO"
            buildForArchiving = "NO"
            buildForAnalyzing = "NO">
            <BuildableReference
               BuildableIdentifier = "primary"
               BlueprintIdentifier = "PlayerListTests"
               BuildableName = "PlayerListTests"
               BlueprintName = "PlayerListTests"
               ReferencedContainer = "container:../../List/PlayerList">
            </BuildableReference>
         </BuildActionEntry>
         <BuildActionEntry
            buildForTesting = "YES"
            buildForRunning = "NO"
            buildForProfiling = "NO"
            buildForArchiving = "NO"
            buildForAnalyzing = "NO">
            <BuildableReference
               BuildableIdentifier = "primary"
               BlueprintIdentifier = "PlayerListIntegrationTests"
               BuildableName = "PlayerListIntegrationTests"
               BlueprintName = "PlayerListIntegrationTests"
               ReferencedContainer = "container:../../List/PlayerList">
            </BuildableReference>
         </BuildActionEntry>
         <BuildActionEntry
            buildForTesting = "YES"
            buildForRunning = "NO"
            buildForProfiling = "NO"
            buildForArchiving = "NO"
            buildForAnalyzing = "NO">
            <BuildableReference
               BuildableIdentifier = "primary"
               BlueprintIdentifier = "PlayerDetailsAssetsTests"
               BuildableName = "PlayerDetailsAssetsTests"
               BlueprintName = "PlayerDetailsAssetsTests"
               ReferencedContainer = "container:../../Details/PlayerDetailsAssets">
            </BuildableReference>
         </BuildActionEntry>
         <BuildActionEntry
            buildForTesting = "YES"
            buildForRunning = "NO"
            buildForProfiling = "NO"
            buildForArchiving = "NO"
            buildForAnalyzing = "NO">
            <BuildableReference
               BuildableIdentifier = "primary"
               BlueprintIdentifier = "PlayerDetailsTests"
               BuildableName = "PlayerDetailsTests"
               BlueprintName = "PlayerDetailsTests"
               ReferencedContainer = "container:../../Details/PlayerDetails">
            </BuildableReference>
         </BuildActionEntry>
         <BuildActionEntry
            buildForTesting = "YES"
            buildForRunning = "NO"
            buildForProfiling = "NO"
            buildForArchiving = "NO"
            buildForAnalyzing = "NO">
            <BuildableReference
               BuildableIdentifier = "primary"
               BlueprintIdentifier = "PlayerDetailsIntegrationTests"
               BuildableName = "PlayerDetailsIntegrationTests"
               BlueprintName = "PlayerDetailsIntegrationTests"
               ReferencedContainer = "container:../../Details/PlayerDetails">
            </BuildableReference>
         </BuildActionEntry>
         <BuildActionEntry
            buildForTesting = "YES"
            buildForRunning = "NO"
            buildForProfiling = "NO"
            buildForArchiving = "NO"
            buildForAnalyzing = "NO">
            <BuildableReference
               BuildableIdentifier = "primary"
               BlueprintIdentifier = "TeamSelectionAssetsTests"
               BuildableName = "TeamSelectionAssetsTests"
               BlueprintName = "TeamSelectionAssetsTests"
               ReferencedContainer = "container:../../TeamSelection/TeamSelectionAssets">
            </BuildableReference>
         </BuildActionEntry>
         <BuildActionEntry
            buildForTesting = "YES"
            buildForRunning = "NO"
            buildForProfiling = "NO"
            buildForArchiving = "NO"
            buildForAnalyzing = "NO">
            <BuildableReference
               BuildableIdentifier = "primary"
               BlueprintIdentifier = "TeamSelectionTests"
               BuildableName = "TeamSelectionTests"
               BlueprintName = "TeamSelectionTests"
               ReferencedContainer = "container:../../TeamSelection/TeamSelection">
            </BuildableReference>
         </BuildActionEntry>
         <BuildActionEntry
            buildForTesting = "YES"
            buildForRunning = "NO"
            buildForProfiling = "NO"
            buildForArchiving = "NO"
            buildForAnalyzing = "NO">
            <BuildableReference
               BuildableIdentifier = "primary"
               BlueprintIdentifier = "GatherAssetsTests"
               BuildableName = "GatherAssetsTests"
               BlueprintName = "GatherAssetsTests"
               ReferencedContainer = "container:../../Gather/GatherAssets">
            </BuildableReference>
         </BuildActionEntry>
         <BuildActionEntry
            buildForTesting = "YES"
            buildForRunning = "NO"
            buildForProfiling = "NO"
            buildForArchiving = "NO"
            buildForAnalyzing = "NO">
            <BuildableReference
               BuildableIdentifier = "primary"
               BlueprintIdentifier = "GatherTests"
               BuildableName = "GatherTests"
               BlueprintName = "GatherTests"
               ReferencedContainer = "container:../../Gather/Gather">
            </BuildableReference>
         </BuildActionEntry>
         <BuildActionEntry
            buildForTesting = "YES"
            buildForRunning = "NO"
            buildForProfiling = "NO"
            buildForArchiving = "NO"
            buildForAnalyzing = "NO">
            <BuildableReference
               BuildableIdentifier = "primary"
               BlueprintIdentifier = "GatherIntegrationTests"
               BuildableName = "GatherIntegrationTests"
               BlueprintName = "GatherIntegrationTests"
               ReferencedContainer = "container:../../Gather/Gather">
            </BuildableReference>
         </BuildActionEntry>
         <BuildActionEntry
            buildForTesting = "YES"
            buildForRunning = "NO"
            buildForProfiling = "NO"
            buildForArchiving = "NO"
            buildForAnalyzing = "NO">
            <BuildableReference
               BuildableIdentifier = "primary"
               BlueprintIdentifier = "HistoryAssetsTests"
               BuildableName = "HistoryAssetsTests"
               BlueprintName = "HistoryAssetsTests"
               ReferencedContainer = "container:../../History/HistoryAssets">
            </BuildableReference>
         </BuildActionEntry>
         <BuildActionEntry
            buildForTesting = "YES"
            buildForRunning = "NO"
            buildForProfiling = "NO"
            buildForArchiving = "NO"
            buildForAnalyzing = "NO">
            <BuildableReference
               BuildableIdentifier = "primary"
               BlueprintIdentifier = "HistoryTests"
               BuildableName = "HistoryTests"
               BlueprintName = "HistoryTests"
               ReferencedContainer = "container:../../History/History">
            </BuildableReference>
         </BuildActionEntry>
         <BuildActionEntry
            buildForTesting = "YES"
            buildForRunning = "NO"
            buildForProfiling = "NO"
            buildForArchiving = "NO"
            buildForAnalyzing = "NO">
            <BuildableReference
               BuildableIdentifier = "primary"
               BlueprintIdentifier = "HistoryIntegrationTests"
               BuildableName = "HistoryIntegrationTests"
               BlueprintName = "HistoryIntegrationTests"
               ReferencedContainer = "container:../../History/History">
            </BuildableReference>
         </BuildActionEntry>
         <BuildActionEntry
            buildForTesting = "YES"
            buildForRunning = "NO"
            buildForProfiling = "NO"
            buildForArchiving = "NO"
            buildForAnalyzing = "NO">
            <BuildableReference
               BuildableIdentifier = "primary"
               BlueprintIdentifier = "HomeAssetsTests"
               BuildableName = "HomeAssetsTests"
               BlueprintName = "HomeAssetsTests"
               ReferencedContainer = "container:../HomeAssets">
            </BuildableReference>
         </BuildActionEntry>
      </BuildActionEntries>
   </BuildAction>
   <TestAction
      buildConfiguration = "Debug"
      selectedDebuggerIdentifier = "Xcode.DebuggerFoundation.Debugger.LLDB"
      selectedLauncherIdentifier = "Xcode.DebuggerFoundation.Launcher.LLDB"
      shouldUseLaunchSchemeArgsEnv = "YES"
      codeCoverageEnabled = "YES">
      <Testables>
         <TestableReference
            skipped = "NO"
            testExecutionOrdering = "random">
            <BuildableReference
               BuildableIdentifier = "primary"
               BlueprintIdentifier = "HomeTests"
               BuildableName = "HomeTests"
               BlueprintName = "HomeTests"
               ReferencedContainer = "container:">
            </BuildableReference>
         </TestableReference>
         <TestableReference
            skipped = "NO"
            testExecutionOrdering = "random">
            <BuildableReference
               BuildableIdentifier = "primary"
               BlueprintIdentifier = "CoreModelsTests"
               BuildableName = "CoreModelsTests"
               BlueprintName = "CoreModelsTests"
               ReferencedContainer = "container:../../../Core/CoreModels">
            </BuildableReference>
         </TestableReference>
         <TestableReference
            skipped = "NO"
            testExecutionOrdering = "random">
            <BuildableReference
               BuildableIdentifier = "primary"
               BlueprintIdentifier = "FoundationToolsTests"
               BuildableName = "FoundationToolsTests"
               BlueprintName = "FoundationToolsTests"
               ReferencedContainer = "container:../../../Core/FoundationTools">
            </BuildableReference>
         </TestableReference>
         <TestableReference
            skipped = "NO"
            testExecutionOrdering = "random">
            <BuildableReference
               BuildableIdentifier = "primary"
               BlueprintIdentifier = "GatherTests"
               BuildableName = "GatherTests"
               BlueprintName = "GatherTests"
               ReferencedContainer = "container:../../Gather/Gather">
            </BuildableReference>
         </TestableReference>
         <TestableReference
            skipped = "NO"
            testExecutionOrdering = "random">
            <BuildableReference
               BuildableIdentifier = "primary"
               BlueprintIdentifier = "HistoryTests"
               BuildableName = "HistoryTests"
               BlueprintName = "HistoryTests"
               ReferencedContainer = "container:../../History/History">
            </BuildableReference>
         </TestableReference>
         <TestableReference
            skipped = "NO"
            testExecutionOrdering = "random">
            <BuildableReference
               BuildableIdentifier = "primary"
               BlueprintIdentifier = "PlayerDetailsTests"
               BuildableName = "PlayerDetailsTests"
               BlueprintName = "PlayerDetailsTests"
               ReferencedContainer = "container:../../Details/PlayerDetails">
            </BuildableReference>
         </TestableReference>
         <TestableReference
            skipped = "NO"
            testExecutionOrdering = "random">
            <BuildableReference
               BuildableIdentifier = "primary"
               BlueprintIdentifier = "PlayerListTests"
               BuildableName = "PlayerListTests"
               BlueprintName = "PlayerListTests"
               ReferencedContainer = "container:../../List/PlayerList">
            </BuildableReference>
         </TestableReference>
         <TestableReference
            skipped = "NO"
            testExecutionOrdering = "random">
            <BuildableReference
               BuildableIdentifier = "primary"
               BlueprintIdentifier = "TeamSelectionTests"
               BuildableName = "TeamSelectionTests"
               BlueprintName = "TeamSelectionTests"
               ReferencedContainer = "container:../../TeamSelection/TeamSelection">
            </BuildableReference>
         </TestableReference>
         <TestableReference
            skipped = "NO"
            testExecutionOrdering = "random">
            <BuildableReference
               BuildableIdentifier = "primary"
               BlueprintIdentifier = "UIToolsTests"
               BuildableName = "UIToolsTests"
               BlueprintName = "UIToolsTests"
               ReferencedContainer = "container:../../../Core/UITools">
            </BuildableReference>
         </TestableReference>
         <TestableReference
            skipped = "NO"
            testExecutionOrdering = "random">
            <BuildableReference
               BuildableIdentifier = "primary"
               BlueprintIdentifier = "HomeAssetsTests"
               BuildableName = "HomeAssetsTests"
               BlueprintName = "HomeAssetsTests"
               ReferencedContainer = "container:../HomeAssets">
            </BuildableReference>
         </TestableReference>
         <TestableReference
            skipped = "NO"
            testExecutionOrdering = "random">
            <BuildableReference
               BuildableIdentifier = "primary"
               BlueprintIdentifier = "FoundationToolsIntegrationTests"
               BuildableName = "FoundationToolsIntegrationTests"
               BlueprintName = "FoundationToolsIntegrationTests"
               ReferencedContainer = "container:../../../Core/FoundationTools">
            </BuildableReference>
         </TestableReference>
         <TestableReference
            skipped = "NO"
            testExecutionOrdering = "random">
            <BuildableReference
               BuildableIdentifier = "primary"
               BlueprintIdentifier = "HistoryIntegrationTests"
               BuildableName = "HistoryIntegrationTests"
               BlueprintName = "HistoryIntegrationTests"
               ReferencedContainer = "container:../../History/History">
            </BuildableReference>
         </TestableReference>
         <TestableReference
            skipped = "NO"
            testExecutionOrdering = "random">
            <BuildableReference
               BuildableIdentifier = "primary"
               BlueprintIdentifier = "PlayerDetailsIntegrationTests"
               BuildableName = "PlayerDetailsIntegrationTests"
               BlueprintName = "PlayerDetailsIntegrationTests"
               ReferencedContainer = "container:../../Details/PlayerDetails">
            </BuildableReference>
         </TestableReference>
         <TestableReference
            skipped = "NO"
            testExecutionOrdering = "random">
            <BuildableReference
               BuildableIdentifier = "primary"
               BlueprintIdentifier = "PlayerListIntegrationTests"
               BuildableName = "PlayerListIntegrationTests"
               BlueprintName = "PlayerListIntegrationTests"
               ReferencedContainer = "container:../../List/PlayerList">
            </BuildableReference>
         </TestableReference>
         <TestableReference
            skipped = "NO"
            testExecutionOrdering = "random">
            <BuildableReference
               BuildableIdentifier = "primary"
               BlueprintIdentifier = "GatherAssetsTests"
               BuildableName = "GatherAssetsTests"
               BlueprintName = "GatherAssetsTests"
               ReferencedContainer = "container:../../Gather/GatherAssets">
            </BuildableReference>
         </TestableReference>
         <TestableReference
            skipped = "NO"
            testExecutionOrdering = "random">
            <BuildableReference
               BuildableIdentifier = "primary"
               BlueprintIdentifier = "HistoryAssetsTests"
               BuildableName = "HistoryAssetsTests"
               BlueprintName = "HistoryAssetsTests"
               ReferencedContainer = "container:../../History/HistoryAssets">
            </BuildableReference>
         </TestableReference>
         <TestableReference
            skipped = "NO"
            testExecutionOrdering = "random">
            <BuildableReference
               BuildableIdentifier = "primary"
               BlueprintIdentifier = "PlayerDetailsAssetsTests"
               BuildableName = "PlayerDetailsAssetsTests"
               BlueprintName = "PlayerDetailsAssetsTests"
               ReferencedContainer = "container:../../Details/PlayerDetailsAssets">
            </BuildableReference>
         </TestableReference>
         <TestableReference
            skipped = "NO"
            testExecutionOrdering = "random">
            <BuildableReference
               BuildableIdentifier = "primary"
               BlueprintIdentifier = "PlayerListAssetsTests"
               BuildableName = "PlayerListAssetsTests"
               BlueprintName = "PlayerListAssetsTests"
               ReferencedContainer = "container:../../List/PlayerListAssets">
            </BuildableReference>
         </TestableReference>
         <TestableReference
            skipped = "NO"
            testExecutionOrdering = "random">
            <BuildableReference
               BuildableIdentifier = "primary"
               BlueprintIdentifier = "TeamSelectionAssetsTests"
               BuildableName = "TeamSelectionAssetsTests"
               BlueprintName = "TeamSelectionAssetsTests"
               ReferencedContainer = "container:../../TeamSelection/TeamSelectionAssets">
            </BuildableReference>
         </TestableReference>
         <TestableReference
            skipped = "NO"
            testExecutionOrdering = "random">
            <BuildableReference
               BuildableIdentifier = "primary"
               BlueprintIdentifier = "GatherIntegrationTests"
               BuildableName = "GatherIntegrationTests"
               BlueprintName = "GatherIntegrationTests"
               ReferencedContainer = "container:../../Gather/Gather">
            </BuildableReference>
         </TestableReference>
      </Testables>
   </TestAction>
   <LaunchAction
      buildConfiguration = "Debug"
      selectedDebuggerIdentifier = "Xcode.DebuggerFoundation.Debugger.LLDB"
      selectedLauncherIdentifier = "Xcode.DebuggerFoundation.Launcher.LLDB"
      launchStyle = "0"
      useCustomWorkingDirectory = "NO"
      ignoresPersistentStateOnLaunch = "NO"
      debugDocumentVersioning = "YES"
      debugServiceExtension = "internal"
      allowLocationSimulation = "YES">
   </LaunchAction>
   <ProfileAction
      buildConfiguration = "Release"
      shouldUseLaunchSchemeArgsEnv = "YES"
      savedToolIdentifier = ""
      useCustomWorkingDirectory = "NO"
      debugDocumentVersioning = "YES">
      <MacroExpansion>
         <BuildableReference
            BuildableIdentifier = "primary"
            BlueprintIdentifier = "Home"
            BuildableName = "Home"
            BlueprintName = "Home"
            ReferencedContainer = "container:">
         </BuildableReference>
      </MacroExpansion>
   </ProfileAction>
   <AnalyzeAction
      buildConfiguration = "Debug">
   </AnalyzeAction>
   <ArchiveAction
      buildConfiguration = "Release"
      revealArchiveInOrganizer = "YES">
   </ArchiveAction>
</Scheme>
